// !$*UTF8*$!
{
	archiveVersion = 1;
	classes = {
	};
	objectVersion = 50;
	objects = {

/* Begin PBXBuildFile section */
		39172B8821903F96008B9856 /* dtxlog.m in Sources */ = {isa = PBXBuildFile; fileRef = 39172B8721903F96008B9856 /* dtxlog.m */; };
		39172B8B21903F9E008B9856 /* DTXLogging.m in Sources */ = {isa = PBXBuildFile; fileRef = 39172B8A21903F9E008B9856 /* DTXLogging.m */; };
		39F5ACE2245F118800FB7F18 /* DTXLogging.swift in Sources */ = {isa = PBXBuildFile; fileRef = 39F5ACE1245F118800FB7F18 /* DTXLogging.swift */; };
		39F5ACE4245F192200FB7F18 /* dtxlog.swift in Sources */ = {isa = PBXBuildFile; fileRef = 39F5ACE3245F192200FB7F18 /* dtxlog.swift */; };
/* End PBXBuildFile section */

/* Begin PBXCopyFilesBuildPhase section */
		39172B7B21903F68008B9856 /* CopyFiles */ = {
			isa = PBXCopyFilesBuildPhase;
			buildActionMask = 2147483647;
			dstPath = /usr/share/man/man1/;
			dstSubfolderSpec = 0;
			files = (
			);
			runOnlyForDeploymentPostprocessing = 1;
		};
/* End PBXCopyFilesBuildPhase section */

/* Begin PBXFileReference section */
		39172B7D21903F68008B9856 /* dtxlog */ = {isa = PBXFileReference; explicitFileType = "compiled.mach-o.executable"; includeInIndex = 0; path = dtxlog; sourceTree = BUILT_PRODUCTS_DIR; };
		39172B8721903F96008B9856 /* dtxlog.m */ = {isa = PBXFileReference; fileEncoding = 4; lastKnownFileType = sourcecode.c.objc; path = dtxlog.m; sourceTree = "<group>"; };
		39172B8921903F9E008B9856 /* DTXLogging.h */ = {isa = PBXFileReference; fileEncoding = 4; lastKnownFileType = sourcecode.c.h; path = DTXLogging.h; sourceTree = "<group>"; };
		39172B8A21903F9E008B9856 /* DTXLogging.m */ = {isa = PBXFileReference; fileEncoding = 4; lastKnownFileType = sourcecode.c.objc; path = DTXLogging.m; sourceTree = "<group>"; };
		39F5ACDE245F111000FB7F18 /* DTXLoggingSubsystem.h */ = {isa = PBXFileReference; lastKnownFileType = sourcecode.c.h; path = DTXLoggingSubsystem.h; sourceTree = "<group>"; };
		39F5ACE0245F118800FB7F18 /* dtxlog-Bridging-Header.h */ = {isa = PBXFileReference; lastKnownFileType = sourcecode.c.h; path = "dtxlog-Bridging-Header.h"; sourceTree = "<group>"; };
		39F5ACE1245F118800FB7F18 /* DTXLogging.swift */ = {isa = PBXFileReference; lastKnownFileType = sourcecode.swift; path = DTXLogging.swift; sourceTree = "<group>"; };
		39F5ACE3245F192200FB7F18 /* dtxlog.swift */ = {isa = PBXFileReference; lastKnownFileType = sourcecode.swift; path = dtxlog.swift; sourceTree = "<group>"; };
/* End PBXFileReference section */

/* Begin PBXFrameworksBuildPhase section */
		39172B7A21903F68008B9856 /* Frameworks */ = {
			isa = PBXFrameworksBuildPhase;
			buildActionMask = 2147483647;
			files = (
			);
			runOnlyForDeploymentPostprocessing = 0;
		};
/* End PBXFrameworksBuildPhase section */

/* Begin PBXGroup section */
		39172B7421903F68008B9856 = {
			isa = PBXGroup;
			children = (
				39F5ACDF245F113300FB7F18 /* DTXLogging */,
				39172B8721903F96008B9856 /* dtxlog.m */,
				39F5ACE3245F192200FB7F18 /* dtxlog.swift */,
				39F5ACDE245F111000FB7F18 /* DTXLoggingSubsystem.h */,
				39F5ACE0245F118800FB7F18 /* dtxlog-Bridging-Header.h */,
				39172B7E21903F68008B9856 /* Products */,
			);
			sourceTree = "<group>";
		};
		39172B7E21903F68008B9856 /* Products */ = {
			isa = PBXGroup;
			children = (
				39172B7D21903F68008B9856 /* dtxlog */,
			);
			name = Products;
			sourceTree = "<group>";
		};
		39F5ACDF245F113300FB7F18 /* DTXLogging */ = {
			isa = PBXGroup;
			children = (
				39172B8921903F9E008B9856 /* DTXLogging.h */,
				39172B8A21903F9E008B9856 /* DTXLogging.m */,
				39F5ACE1245F118800FB7F18 /* DTXLogging.swift */,
			);
			name = DTXLogging;
			sourceTree = "<group>";
		};
/* End PBXGroup section */

/* Begin PBXNativeTarget section */
		39172B7C21903F68008B9856 /* dtxlog */ = {
			isa = PBXNativeTarget;
			buildConfigurationList = 39172B8421903F68008B9856 /* Build configuration list for PBXNativeTarget "dtxlog" */;
			buildPhases = (
				39172B7921903F68008B9856 /* Sources */,
				39172B7A21903F68008B9856 /* Frameworks */,
				39172B7B21903F68008B9856 /* CopyFiles */,
			);
			buildRules = (
			);
			dependencies = (
			);
			name = dtxlog;
			productName = dtxlog;
			productReference = 39172B7D21903F68008B9856 /* dtxlog */;
			productType = "com.apple.product-type.tool";
		};
/* End PBXNativeTarget section */

/* Begin PBXProject section */
		39172B7521903F68008B9856 /* Project object */ = {
			isa = PBXProject;
			attributes = {
				LastUpgradeCheck = 1140;
				ORGANIZATIONNAME = "Leo Natan";
				TargetAttributes = {
					39172B7C21903F68008B9856 = {
						CreatedOnToolsVersion = 10.1;
						LastSwiftMigration = 1140;
					};
				};
			};
			buildConfigurationList = 39172B7821903F68008B9856 /* Build configuration list for PBXProject "dtxlog" */;
			compatibilityVersion = "Xcode 9.3";
			developmentRegion = en;
			hasScannedForEncodings = 0;
			knownRegions = (
				en,
				Base,
			);
			mainGroup = 39172B7421903F68008B9856;
			productRefGroup = 39172B7E21903F68008B9856 /* Products */;
			projectDirPath = "";
			projectRoot = "";
			targets = (
				39172B7C21903F68008B9856 /* dtxlog */,
			);
		};
/* End PBXProject section */

/* Begin PBXSourcesBuildPhase section */
		39172B7921903F68008B9856 /* Sources */ = {
			isa = PBXSourcesBuildPhase;
			buildActionMask = 2147483647;
			files = (
				39172B8B21903F9E008B9856 /* DTXLogging.m in Sources */,
				39F5ACE4245F192200FB7F18 /* dtxlog.swift in Sources */,
				39172B8821903F96008B9856 /* dtxlog.m in Sources */,
				39F5ACE2245F118800FB7F18 /* DTXLogging.swift in Sources */,
			);
			runOnlyForDeploymentPostprocessing = 0;
		};
/* End PBXSourcesBuildPhase section */

/* Begin XCBuildConfiguration section */
		39172B8221903F68008B9856 /* Debug */ = {
			isa = XCBuildConfiguration;
			buildSettings = {
				ALWAYS_SEARCH_USER_PATHS = NO;
				CLANG_ANALYZER_NONNULL = YES;
				CLANG_ANALYZER_NUMBER_OBJECT_CONVERSION = YES_AGGRESSIVE;
				CLANG_CXX_LANGUAGE_STANDARD = "gnu++14";
				CLANG_CXX_LIBRARY = "libc++";
				CLANG_ENABLE_MODULES = YES;
				CLANG_ENABLE_OBJC_ARC = YES;
				CLANG_ENABLE_OBJC_WEAK = YES;
				CLANG_WARN_BLOCK_CAPTURE_AUTORELEASING = YES;
				CLANG_WARN_BOOL_CONVERSION = YES;
				CLANG_WARN_COMMA = YES;
				CLANG_WARN_CONSTANT_CONVERSION = YES;
				CLANG_WARN_DEPRECATED_OBJC_IMPLEMENTATIONS = YES;
				CLANG_WARN_DIRECT_OBJC_ISA_USAGE = YES_ERROR;
				CLANG_WARN_DOCUMENTATION_COMMENTS = YES;
				CLANG_WARN_EMPTY_BODY = YES;
				CLANG_WARN_ENUM_CONVERSION = YES;
				CLANG_WARN_INFINITE_RECURSION = YES;
				CLANG_WARN_INT_CONVERSION = YES;
				CLANG_WARN_NON_LITERAL_NULL_CONVERSION = YES;
				CLANG_WARN_OBJC_IMPLICIT_RETAIN_SELF = YES;
				CLANG_WARN_OBJC_LITERAL_CONVERSION = YES;
				CLANG_WARN_OBJC_ROOT_CLASS = YES_ERROR;
				CLANG_WARN_RANGE_LOOP_ANALYSIS = YES;
				CLANG_WARN_STRICT_PROTOTYPES = YES;
				CLANG_WARN_SUSPICIOUS_MOVE = YES;
				CLANG_WARN_UNGUARDED_AVAILABILITY = YES_AGGRESSIVE;
				CLANG_WARN_UNREACHABLE_CODE = YES;
				CLANG_WARN__DUPLICATE_METHOD_MATCH = YES;
				CODE_SIGN_IDENTITY = "-";
				COPY_PHASE_STRIP = NO;
				DEBUG_INFORMATION_FORMAT = dwarf;
				ENABLE_STRICT_OBJC_MSGSEND = YES;
				ENABLE_TESTABILITY = YES;
				GCC_C_LANGUAGE_STANDARD = gnu11;
				GCC_DYNAMIC_NO_PIC = NO;
				GCC_NO_COMMON_BLOCKS = YES;
				GCC_OPTIMIZATION_LEVEL = 0;
				GCC_PREPROCESSOR_DEFINITIONS = (
					"DEBUG=1",
					"$(inherited)",
				);
				GCC_WARN_64_TO_32_BIT_CONVERSION = YES;
				GCC_WARN_ABOUT_RETURN_TYPE = YES_ERROR;
				GCC_WARN_UNDECLARED_SELECTOR = YES;
				GCC_WARN_UNINITIALIZED_AUTOS = YES_AGGRESSIVE;
				GCC_WARN_UNUSED_FUNCTION = YES;
				GCC_WARN_UNUSED_VARIABLE = YES;
				MACOSX_DEPLOYMENT_TARGET = 10.14;
				MTL_ENABLE_DEBUG_INFO = INCLUDE_SOURCE;
				MTL_FAST_MATH = YES;
				ONLY_ACTIVE_ARCH = YES;
				SDKROOT = macosx;
			};
			name = Debug;
		};
		39172B8321903F68008B9856 /* Release */ = {
			isa = XCBuildConfiguration;
			buildSettings = {
				ALWAYS_SEARCH_USER_PATHS = NO;
				CLANG_ANALYZER_NONNULL = YES;
				CLANG_ANALYZER_NUMBER_OBJECT_CONVERSION = YES_AGGRESSIVE;
				CLANG_CXX_LANGUAGE_STANDARD = "gnu++14";
				CLANG_CXX_LIBRARY = "libc++";
				CLANG_ENABLE_MODULES = YES;
				CLANG_ENABLE_OBJC_ARC = YES;
				CLANG_ENABLE_OBJC_WEAK = YES;
				CLANG_WARN_BLOCK_CAPTURE_AUTORELEASING = YES;
				CLANG_WARN_BOOL_CONVERSION = YES;
				CLANG_WARN_COMMA = YES;
				CLANG_WARN_CONSTANT_CONVERSION = YES;
				CLANG_WARN_DEPRECATED_OBJC_IMPLEMENTATIONS = YES;
				CLANG_WARN_DIRECT_OBJC_ISA_USAGE = YES_ERROR;
				CLANG_WARN_DOCUMENTATION_COMMENTS = YES;
				CLANG_WARN_EMPTY_BODY = YES;
				CLANG_WARN_ENUM_CONVERSION = YES;
				CLANG_WARN_INFINITE_RECURSION = YES;
				CLANG_WARN_INT_CONVERSION = YES;
				CLANG_WARN_NON_LITERAL_NULL_CONVERSION = YES;
				CLANG_WARN_OBJC_IMPLICIT_RETAIN_SELF = YES;
				CLANG_WARN_OBJC_LITERAL_CONVERSION = YES;
				CLANG_WARN_OBJC_ROOT_CLASS = YES_ERROR;
				CLANG_WARN_RANGE_LOOP_ANALYSIS = YES;
				CLANG_WARN_STRICT_PROTOTYPES = YES;
				CLANG_WARN_SUSPICIOUS_MOVE = YES;
				CLANG_WARN_UNGUARDED_AVAILABILITY = YES_AGGRESSIVE;
				CLANG_WARN_UNREACHABLE_CODE = YES;
				CLANG_WARN__DUPLICATE_METHOD_MATCH = YES;
				CODE_SIGN_IDENTITY = "-";
				COPY_PHASE_STRIP = NO;
				DEBUG_INFORMATION_FORMAT = "dwarf-with-dsym";
				ENABLE_NS_ASSERTIONS = NO;
				ENABLE_STRICT_OBJC_MSGSEND = YES;
				GCC_C_LANGUAGE_STANDARD = gnu11;
				GCC_NO_COMMON_BLOCKS = YES;
				GCC_WARN_64_TO_32_BIT_CONVERSION = YES;
				GCC_WARN_ABOUT_RETURN_TYPE = YES_ERROR;
				GCC_WARN_UNDECLARED_SELECTOR = YES;
				GCC_WARN_UNINITIALIZED_AUTOS = YES_AGGRESSIVE;
				GCC_WARN_UNUSED_FUNCTION = YES;
				GCC_WARN_UNUSED_VARIABLE = YES;
				MACOSX_DEPLOYMENT_TARGET = 10.14;
				MTL_ENABLE_DEBUG_INFO = NO;
				MTL_FAST_MATH = YES;
				SDKROOT = macosx;
			};
			name = Release;
		};
		39172B8521903F68008B9856 /* Debug */ = {
			isa = XCBuildConfiguration;
			buildSettings = {
				CLANG_ENABLE_MODULES = YES;
				CODE_SIGN_IDENTITY = "-";
				CODE_SIGN_STYLE = Automatic;
				LD_RUNPATH_SEARCH_PATHS = (
					"$(inherited)",
					"@executable_path/../Frameworks",
					"@loader_path/../Frameworks",
				);
				PRODUCT_NAME = "$(TARGET_NAME)";
				SWIFT_OBJC_BRIDGING_HEADER = "dtxlog-Bridging-Header.h";
				SWIFT_OPTIMIZATION_LEVEL = "-Onone";
				SWIFT_VERSION = 5.0;
			};
			name = Debug;
		};
		39172B8621903F68008B9856 /* Release */ = {
			isa = XCBuildConfiguration;
			buildSettings = {
				CLANG_ENABLE_MODULES = YES;
				CODE_SIGN_IDENTITY = "-";
				CODE_SIGN_STYLE = Automatic;
				LD_RUNPATH_SEARCH_PATHS = (
					"$(inherited)",
					"@executable_path/../Frameworks",
					"@loader_path/../Frameworks",
				);
				PRODUCT_NAME = "$(TARGET_NAME)";
				SWIFT_OBJC_BRIDGING_HEADER = "dtxlog-Bridging-Header.h";
				SWIFT_VERSION = 5.0;
			};
			name = Release;
		};
/* End XCBuildConfiguration section */

/* Begin XCConfigurationList section */
		39172B7821903F68008B9856 /* Build configuration list for PBXProject "dtxlog" */ = {
			isa = XCConfigurationList;
			buildConfigurations = (
				39172B8221903F68008B9856 /* Debug */,
				39172B8321903F68008B9856 /* Release */,
			);
			defaultConfigurationIsVisible = 0;
			defaultConfigurationName = Release;
		};
		39172B8421903F68008B9856 /* Build configuration list for PBXNativeTarget "dtxlog" */ = {
			isa = XCConfigurationList;
			buildConfigurations = (
				39172B8521903F68008B9856 /* Debug */,
				39172B8621903F68008B9856 /* Release */,
			);
			defaultConfigurationIsVisible = 0;
			defaultConfigurationName = Release;
		};
/* End XCConfigurationList section */
	};
	rootObject = 39172B7521903F68008B9856 /* Project object */;
}
