// !$*UTF8*$!
{
	archiveVersion = 1;
	classes = {
	};
	objectVersion = 50;
	objects = {

/* Begin PBXBuildFile section */
		390FF62E24968B620022BF11 /* NSString+QuotedStringForJS.h in Headers */ = {isa = PBXBuildFile; fileRef = 390FF62C24968B620022BF11 /* NSString+QuotedStringForJS.h */; };
		390FF62F24968B620022BF11 /* NSString+QuotedStringForJS.m in Sources */ = {isa = PBXBuildFile; fileRef = 390FF62D24968B620022BF11 /* NSString+QuotedStringForJS.m */; };
		390FF63A2497CB3A0022BF11 /* UITableView+SelectionCapture.h in Headers */ = {isa = PBXBuildFile; fileRef = 390FF6382497CB3A0022BF11 /* UITableView+SelectionCapture.h */; };
		390FF63B2497CB3A0022BF11 /* UITableView+SelectionCapture.m in Sources */ = {isa = PBXBuildFile; fileRef = 390FF6392497CB3A0022BF11 /* UITableView+SelectionCapture.m */; };
		390FF63E249820190022BF11 /* NSObject+AttachedObjects.h in Headers */ = {isa = PBXBuildFile; fileRef = 390FF63C249820190022BF11 /* NSObject+AttachedObjects.h */; };
		390FF63F249820190022BF11 /* NSObject+AttachedObjects.m in Sources */ = {isa = PBXBuildFile; fileRef = 390FF63D249820190022BF11 /* NSObject+AttachedObjects.m */; };
		393CB0F924C5BC3200BDBDA9 /* DTXSocketConnection.framework in Frameworks */ = {isa = PBXBuildFile; fileRef = 393CB0F424C5BC1800BDBDA9 /* DTXSocketConnection.framework */; };
		393CB0FA24C5BC3200BDBDA9 /* DTXSocketConnection.framework in Embed Frameworks */ = {isa = PBXBuildFile; fileRef = 393CB0F424C5BC1800BDBDA9 /* DTXSocketConnection.framework */; settings = {ATTRIBUTES = (CodeSignOnCopy, RemoveHeadersOnCopy, ); }; };
		393CB0FD24C5BC4600BDBDA9 /* DTXSocketConnection.framework in Frameworks */ = {isa = PBXBuildFile; fileRef = 393CB0F424C5BC1800BDBDA9 /* DTXSocketConnection.framework */; };
		393CB0FE24C5BC4600BDBDA9 /* DTXSocketConnection.framework in Embed Frameworks */ = {isa = PBXBuildFile; fileRef = 393CB0F424C5BC1800BDBDA9 /* DTXSocketConnection.framework */; settings = {ATTRIBUTES = (CodeSignOnCopy, RemoveHeadersOnCopy, ); }; };
		393CB10224C5ECA000BDBDA9 /* DTXRecSettingsMultipleChoiceController.h in Headers */ = {isa = PBXBuildFile; fileRef = 393CB10024C5ECA000BDBDA9 /* DTXRecSettingsMultipleChoiceController.h */; };
		393CB10324C5ECA000BDBDA9 /* DTXRecSettingsMultipleChoiceController.m in Sources */ = {isa = PBXBuildFile; fileRef = 393CB10124C5ECA000BDBDA9 /* DTXRecSettingsMultipleChoiceController.m */; };
		39449C4A2462F68000B967FC /* _DTXSetDatePickerDateAction.h in Headers */ = {isa = PBXBuildFile; fileRef = 39449C482462F68000B967FC /* _DTXSetDatePickerDateAction.h */; };
		39449C4B2462F68000B967FC /* _DTXSetDatePickerDateAction.m in Sources */ = {isa = PBXBuildFile; fileRef = 39449C492462F68000B967FC /* _DTXSetDatePickerDateAction.m */; };
		39449C4E2462F81800B967FC /* _DTXPickerViewValueChangeAction.h in Headers */ = {isa = PBXBuildFile; fileRef = 39449C4C2462F81800B967FC /* _DTXPickerViewValueChangeAction.h */; };
		39449C4F2462F81800B967FC /* _DTXPickerViewValueChangeAction.m in Sources */ = {isa = PBXBuildFile; fileRef = 39449C4D2462F81800B967FC /* _DTXPickerViewValueChangeAction.m */; };
		39454C1C24A91BB100761A51 /* DTXSwizzlingHelper.h in Headers */ = {isa = PBXBuildFile; fileRef = 39454C1B24A91BB100761A51 /* DTXSwizzlingHelper.h */; };
		39454C2424AA3CBF00761A51 /* _DTXCodeCommentAction.h in Headers */ = {isa = PBXBuildFile; fileRef = 39454C2224AA3CBF00761A51 /* _DTXCodeCommentAction.h */; };
		39454C2524AA3CBF00761A51 /* _DTXCodeCommentAction.m in Sources */ = {isa = PBXBuildFile; fileRef = 39454C2324AA3CBF00761A51 /* _DTXCodeCommentAction.m */; };
		395AD7C824B385D4002B382B /* DTXLogging.m in Sources */ = {isa = PBXBuildFile; fileRef = 395AD7C624B385D4002B382B /* DTXLogging.m */; };
		395AD7C924B385D4002B382B /* DTXLogging.h in Headers */ = {isa = PBXBuildFile; fileRef = 395AD7C724B385D4002B382B /* DTXLogging.h */; };
		395AD7CC24B38D04002B382B /* DTXLoggingSubsystem.h in Headers */ = {isa = PBXBuildFile; fileRef = 395AD7CA24B385E7002B382B /* DTXLoggingSubsystem.h */; };
		395AD7FD24B4A02C002B382B /* UIWindow+RecorderUtils.h in Headers */ = {isa = PBXBuildFile; fileRef = 395AD7FB24B4A02C002B382B /* UIWindow+RecorderUtils.h */; };
		395AD7FE24B4A02C002B382B /* UIWindow+RecorderUtils.m in Sources */ = {isa = PBXBuildFile; fileRef = 395AD7FC24B4A02C002B382B /* UIWindow+RecorderUtils.m */; };
		397CA716247EB41B005E8A71 /* main.swift in Sources */ = {isa = PBXBuildFile; fileRef = 397CA715247EB41B005E8A71 /* main.swift */; };
		397CA754247EBBCD005E8A71 /* LNOptionsParser.swift in Sources */ = {isa = PBXBuildFile; fileRef = 397CA753247EBBCD005E8A71 /* LNOptionsParser.swift */; };
		397CA759247EE05D005E8A71 /* LNOptionsParser.m in Sources */ = {isa = PBXBuildFile; fileRef = 397CA757247EE05D005E8A71 /* LNOptionsParser.m */; };
		397CA75A247EE05D005E8A71 /* LNLog.m in Sources */ = {isa = PBXBuildFile; fileRef = 397CA758247EE05D005E8A71 /* LNLog.m */; };
		397CA765247EE076005E8A71 /* GBSettings.m in Sources */ = {isa = PBXBuildFile; fileRef = 397CA75C247EE076005E8A71 /* GBSettings.m */; };
		397CA766247EE076005E8A71 /* GBPrint.m in Sources */ = {isa = PBXBuildFile; fileRef = 397CA75D247EE076005E8A71 /* GBPrint.m */; };
		397CA767247EE076005E8A71 /* GBCommandLineParser.m in Sources */ = {isa = PBXBuildFile; fileRef = 397CA75F247EE076005E8A71 /* GBCommandLineParser.m */; };
		397CA768247EE076005E8A71 /* GBOptionsHelper.m in Sources */ = {isa = PBXBuildFile; fileRef = 397CA763247EE076005E8A71 /* GBOptionsHelper.m */; };
		39AE548E2490FA3A0093BFEE /* _DTXAdjustSliderAction.h in Headers */ = {isa = PBXBuildFile; fileRef = 39AE548C2490FA3A0093BFEE /* _DTXAdjustSliderAction.h */; };
		39AE548F2490FA3A0093BFEE /* _DTXAdjustSliderAction.m in Sources */ = {isa = PBXBuildFile; fileRef = 39AE548D2490FA3A0093BFEE /* _DTXAdjustSliderAction.m */; };
		39AE54922490FAE10093BFEE /* UISlider+RecorderUtils.h in Headers */ = {isa = PBXBuildFile; fileRef = 39AE54902490FAE10093BFEE /* UISlider+RecorderUtils.h */; };
		39AE54932490FAE10093BFEE /* UISlider+RecorderUtils.m in Sources */ = {isa = PBXBuildFile; fileRef = 39AE54912490FAE10093BFEE /* UISlider+RecorderUtils.m */; };
		39AE549D249247370093BFEE /* DTXRecSettingsViewController.h in Headers */ = {isa = PBXBuildFile; fileRef = 39AE549B249247370093BFEE /* DTXRecSettingsViewController.h */; };
		39AE549E249247370093BFEE /* DTXRecSettingsViewController.m in Sources */ = {isa = PBXBuildFile; fileRef = 39AE549C249247370093BFEE /* DTXRecSettingsViewController.m */; };
		39B85D5124B27B4B00EF17BB /* DTXLogging.swift in Sources */ = {isa = PBXBuildFile; fileRef = 39B85D5024B27B4B00EF17BB /* DTXLogging.swift */; };
		39BA9FB224A112D500681E72 /* ShakeCapture.m in Sources */ = {isa = PBXBuildFile; fileRef = 39BA9FB024A112D500681E72 /* ShakeCapture.m */; };
		39BA9FB524A11A2400681E72 /* _DTXShakeDeviceAction.h in Headers */ = {isa = PBXBuildFile; fileRef = 39BA9FB324A11A2400681E72 /* _DTXShakeDeviceAction.h */; };
		39BA9FB624A11A2400681E72 /* _DTXShakeDeviceAction.m in Sources */ = {isa = PBXBuildFile; fileRef = 39BA9FB424A11A2400681E72 /* _DTXShakeDeviceAction.m */; };
		39C013412472EB8E00784C84 /* _DTXLongPressAction.h in Headers */ = {isa = PBXBuildFile; fileRef = 39C0133F2472EB8E00784C84 /* _DTXLongPressAction.h */; };
		39C013422472EB8E00784C84 /* _DTXLongPressAction.m in Sources */ = {isa = PBXBuildFile; fileRef = 39C013402472EB8E00784C84 /* _DTXLongPressAction.m */; };
		39C013792473CC8000784C84 /* DTXAppleInternals.h in Headers */ = {isa = PBXBuildFile; fileRef = 39C0135C2473CC8000784C84 /* DTXAppleInternals.h */; };
		39C0137A2473CC8000784C84 /* NSUserDefaults+RecorderUtils.h in Headers */ = {isa = PBXBuildFile; fileRef = 39C0135D2473CC8000784C84 /* NSUserDefaults+RecorderUtils.h */; };
		39C0137B2473CC8000784C84 /* UIPickerView+RecorderUtils.m in Sources */ = {isa = PBXBuildFile; fileRef = 39C0135E2473CC8000784C84 /* UIPickerView+RecorderUtils.m */; };
		39C0137C2473CC8000784C84 /* NSUserDefaults+RecorderUtils.m in Sources */ = {isa = PBXBuildFile; fileRef = 39C0135F2473CC8000784C84 /* NSUserDefaults+RecorderUtils.m */; };
		39C0138E2473CC8000784C84 /* UIDatePicker+RecorderUtils.m in Sources */ = {isa = PBXBuildFile; fileRef = 39C013722473CC8000784C84 /* UIDatePicker+RecorderUtils.m */; };
		39C0138F2473CC8000784C84 /* UIApplication+EnableAccessibility.m in Sources */ = {isa = PBXBuildFile; fileRef = 39C013732473CC8000784C84 /* UIApplication+EnableAccessibility.m */; };
		39C013902473CC8000784C84 /* UIApplication+EnableAccessibility.h in Headers */ = {isa = PBXBuildFile; fileRef = 39C013742473CC8000784C84 /* UIApplication+EnableAccessibility.h */; };
		39C013912473CC8000784C84 /* UIDatePicker+RecorderUtils.h in Headers */ = {isa = PBXBuildFile; fileRef = 39C013752473CC8000784C84 /* UIDatePicker+RecorderUtils.h */; };
		39C013922473CC8000784C84 /* UIPickerView+RecorderUtils.h in Headers */ = {isa = PBXBuildFile; fileRef = 39C013762473CC8000784C84 /* UIPickerView+RecorderUtils.h */; };
		39C013932473CC8000784C84 /* UIView+RecorderUtils.h in Headers */ = {isa = PBXBuildFile; fileRef = 39C013772473CC8000784C84 /* UIView+RecorderUtils.h */; };
		39C013942473CC8000784C84 /* UIView+RecorderUtils.m in Sources */ = {isa = PBXBuildFile; fileRef = 39C013782473CC8000784C84 /* UIView+RecorderUtils.m */; };
		39C013962473CC9100784C84 /* Swiftier.h in Headers */ = {isa = PBXBuildFile; fileRef = 39C013952473CC9100784C84 /* Swiftier.h */; };
		39C013992473CD0900784C84 /* NSArray+Utils.m in Sources */ = {isa = PBXBuildFile; fileRef = 39C013972473CD0900784C84 /* NSArray+Utils.m */; };
		39C0139A2473CD0900784C84 /* NSArray+Utils.h in Headers */ = {isa = PBXBuildFile; fileRef = 39C013982473CD0900784C84 /* NSArray+Utils.h */; };
		39C86B1C24C65ED9006F214F /* NSString+SimulatorSafeTildeExpansion.h in Headers */ = {isa = PBXBuildFile; fileRef = 39C86B1A24C65ED9006F214F /* NSString+SimulatorSafeTildeExpansion.h */; };
		39C86B1D24C65ED9006F214F /* NSString+SimulatorSafeTildeExpansion.m in Sources */ = {isa = PBXBuildFile; fileRef = 39C86B1B24C65ED9006F214F /* NSString+SimulatorSafeTildeExpansion.m */; };
		39F5AD042461A28400FB7F18 /* DetoxRecorder.h in Headers */ = {isa = PBXBuildFile; fileRef = 39F5AD022461A28400FB7F18 /* DetoxRecorder.h */; settings = {ATTRIBUTES = (Public, ); }; };
		39F5AD0A2461A29200FB7F18 /* DTXCaptureControlWindow.m in Sources */ = {isa = PBXBuildFile; fileRef = 392F355A225F6882003E8CF2 /* DTXCaptureControlWindow.m */; };
		39F5AD0B2461A29400FB7F18 /* DTXUIInteractionRecorder.m in Sources */ = {isa = PBXBuildFile; fileRef = 392F355C225F6882003E8CF2 /* DTXUIInteractionRecorder.m */; };
		39F5AD0C2461A29600FB7F18 /* UIControl+TapCapture.m in Sources */ = {isa = PBXBuildFile; fileRef = 392F3550225F6882003E8CF2 /* UIControl+TapCapture.m */; };
		39F5AD0D2461A29A00FB7F18 /* UIGestureRecognizer+GestureCapture.m in Sources */ = {isa = PBXBuildFile; fileRef = 392F3555225F6882003E8CF2 /* UIGestureRecognizer+GestureCapture.m */; };
		39F5AD0E2461A29E00FB7F18 /* UIInputCapture.m in Sources */ = {isa = PBXBuildFile; fileRef = 392F3554225F6882003E8CF2 /* UIInputCapture.m */; };
		39F5AD0F2461A2A000FB7F18 /* UIScrollView+ScrollToTopCapture.m in Sources */ = {isa = PBXBuildFile; fileRef = 39C7DF5722626929002BABAE /* UIScrollView+ScrollToTopCapture.m */; };
		39F5AD102461A2AF00FB7F18 /* DTXRecordedElement.m in Sources */ = {isa = PBXBuildFile; fileRef = 39C201A9226D476600E8CE30 /* DTXRecordedElement.m */; };
		39F5AD112461A2AF00FB7F18 /* DTXRecordedAction.m in Sources */ = {isa = PBXBuildFile; fileRef = 39C201A6226D474900E8CE30 /* DTXRecordedAction.m */; };
		39F5AD122461A2AF00FB7F18 /* _DTXTapAction.m in Sources */ = {isa = PBXBuildFile; fileRef = 394535B8226D4E4A00F08C55 /* _DTXTapAction.m */; };
		39F5AD132461A2AF00FB7F18 /* _DTXScrollAction.m in Sources */ = {isa = PBXBuildFile; fileRef = 394535BC226D515000F08C55 /* _DTXScrollAction.m */; };
		39F5AD142461A2AF00FB7F18 /* _DTXReplaceTextAction.m in Sources */ = {isa = PBXBuildFile; fileRef = 394535BF226D570B00F08C55 /* _DTXReplaceTextAction.m */; };
		39F5AD152461A2AF00FB7F18 /* _DTXTakeScreenshotAction.m in Sources */ = {isa = PBXBuildFile; fileRef = 39EB26B7226D5A1000621FBA /* _DTXTakeScreenshotAction.m */; };
		39F5AD202461A31400FB7F18 /* DTXUIInteractionRecorder.h in Headers */ = {isa = PBXBuildFile; fileRef = 392F3553225F6882003E8CF2 /* DTXUIInteractionRecorder.h */; settings = {ATTRIBUTES = (Public, ); }; };
		39F5AD292461F70A00FB7F18 /* _DTXScrollToAction.h in Headers */ = {isa = PBXBuildFile; fileRef = 39F5AD272461F70A00FB7F18 /* _DTXScrollToAction.h */; };
		39F5AD2A2461F70A00FB7F18 /* _DTXScrollToAction.m in Sources */ = {isa = PBXBuildFile; fileRef = 39F5AD282461F70A00FB7F18 /* _DTXScrollToAction.m */; };
		39FB28E424C4B00500A0EF16 /* RecordingHandler.swift in Sources */ = {isa = PBXBuildFile; fileRef = 39FB28E324C4B00500A0EF16 /* RecordingHandler.swift */; };
/* End PBXBuildFile section */

/* Begin PBXContainerItemProxy section */
		393CB0F324C5BC1800BDBDA9 /* PBXContainerItemProxy */ = {
			isa = PBXContainerItemProxy;
			containerPortal = 393CB0EE24C5BC1800BDBDA9 /* DTXSocketConnection.xcodeproj */;
			proxyType = 2;
			remoteGlobalIDString = 39498C2F1F1F84960030B620;
			remoteInfo = DTXSocketConnection;
		};
		393CB0F524C5BC1800BDBDA9 /* PBXContainerItemProxy */ = {
			isa = PBXContainerItemProxy;
			containerPortal = 393CB0EE24C5BC1800BDBDA9 /* DTXSocketConnection.xcodeproj */;
			proxyType = 2;
			remoteGlobalIDString = 393CB0D924C4C3A300BDBDA9;
			remoteInfo = DTXSocketConnectionStatic;
		};
		393CB0F724C5BC2800BDBDA9 /* PBXContainerItemProxy */ = {
			isa = PBXContainerItemProxy;
			containerPortal = 393CB0EE24C5BC1800BDBDA9 /* DTXSocketConnection.xcodeproj */;
			proxyType = 1;
			remoteGlobalIDString = 393CB0CF24C4C3A300BDBDA9;
			remoteInfo = DTXSocketConnectionStatic;
		};
		393CB0FB24C5BC3E00BDBDA9 /* PBXContainerItemProxy */ = {
			isa = PBXContainerItemProxy;
			containerPortal = 393CB0EE24C5BC1800BDBDA9 /* DTXSocketConnection.xcodeproj */;
			proxyType = 1;
			remoteGlobalIDString = 39498C2E1F1F84960030B620;
			remoteInfo = DTXSocketConnection;
		};
/* End PBXContainerItemProxy section */

/* Begin PBXCopyFilesBuildPhase section */
		393CB0E024C4C3EF00BDBDA9 /* Embed Frameworks */ = {
			isa = PBXCopyFilesBuildPhase;
			buildActionMask = 2147483647;
			dstPath = "";
			dstSubfolderSpec = 10;
			files = (
				393CB0FA24C5BC3200BDBDA9 /* DTXSocketConnection.framework in Embed Frameworks */,
			);
			name = "Embed Frameworks";
			runOnlyForDeploymentPostprocessing = 0;
		};
		397CA711247EB41B005E8A71 /* CopyFiles */ = {
			isa = PBXCopyFilesBuildPhase;
			buildActionMask = 2147483647;
			dstPath = /usr/share/man/man1/;
			dstSubfolderSpec = 0;
			files = (
			);
			runOnlyForDeploymentPostprocessing = 1;
		};
		39FB28DD24C4919800A0EF16 /* Embed Frameworks */ = {
			isa = PBXCopyFilesBuildPhase;
			buildActionMask = 2147483647;
			dstPath = "";
			dstSubfolderSpec = 10;
			files = (
				393CB0FE24C5BC4600BDBDA9 /* DTXSocketConnection.framework in Embed Frameworks */,
			);
			name = "Embed Frameworks";
			runOnlyForDeploymentPostprocessing = 0;
		};
/* End PBXCopyFilesBuildPhase section */

/* Begin PBXFileReference section */
		390FF62C24968B620022BF11 /* NSString+QuotedStringForJS.h */ = {isa = PBXFileReference; fileEncoding = 4; lastKnownFileType = sourcecode.c.h; name = "NSString+QuotedStringForJS.h"; path = "ObjCHelpers/NSString+QuotedStringForJS.h"; sourceTree = "<group>"; };
		390FF62D24968B620022BF11 /* NSString+QuotedStringForJS.m */ = {isa = PBXFileReference; fileEncoding = 4; lastKnownFileType = sourcecode.c.objc; name = "NSString+QuotedStringForJS.m"; path = "ObjCHelpers/NSString+QuotedStringForJS.m"; sourceTree = "<group>"; };
		390FF6382497CB3A0022BF11 /* UITableView+SelectionCapture.h */ = {isa = PBXFileReference; lastKnownFileType = sourcecode.c.h; path = "UITableView+SelectionCapture.h"; sourceTree = "<group>"; };
		390FF6392497CB3A0022BF11 /* UITableView+SelectionCapture.m */ = {isa = PBXFileReference; lastKnownFileType = sourcecode.c.objc; path = "UITableView+SelectionCapture.m"; sourceTree = "<group>"; };
		390FF63C249820190022BF11 /* NSObject+AttachedObjects.h */ = {isa = PBXFileReference; fileEncoding = 4; lastKnownFileType = sourcecode.c.h; name = "NSObject+AttachedObjects.h"; path = "ObjCHelpers/NSObject+AttachedObjects.h"; sourceTree = "<group>"; };
		390FF63D249820190022BF11 /* NSObject+AttachedObjects.m */ = {isa = PBXFileReference; fileEncoding = 4; lastKnownFileType = sourcecode.c.objc; name = "NSObject+AttachedObjects.m"; path = "ObjCHelpers/NSObject+AttachedObjects.m"; sourceTree = "<group>"; };
		392F3550225F6882003E8CF2 /* UIControl+TapCapture.m */ = {isa = PBXFileReference; fileEncoding = 4; lastKnownFileType = sourcecode.c.objc; path = "UIControl+TapCapture.m"; sourceTree = "<group>"; };
		392F3551225F6882003E8CF2 /* UIInputCapture.h */ = {isa = PBXFileReference; fileEncoding = 4; lastKnownFileType = sourcecode.c.h; path = UIInputCapture.h; sourceTree = "<group>"; };
		392F3552225F6882003E8CF2 /* UIGestureRecognizer+GestureCapture.h */ = {isa = PBXFileReference; fileEncoding = 4; lastKnownFileType = sourcecode.c.h; path = "UIGestureRecognizer+GestureCapture.h"; sourceTree = "<group>"; };
		392F3553225F6882003E8CF2 /* DTXUIInteractionRecorder.h */ = {isa = PBXFileReference; fileEncoding = 4; lastKnownFileType = sourcecode.c.h; path = DTXUIInteractionRecorder.h; sourceTree = "<group>"; };
		392F3554225F6882003E8CF2 /* UIInputCapture.m */ = {isa = PBXFileReference; fileEncoding = 4; lastKnownFileType = sourcecode.c.objc; path = UIInputCapture.m; sourceTree = "<group>"; };
		392F3555225F6882003E8CF2 /* UIGestureRecognizer+GestureCapture.m */ = {isa = PBXFileReference; fileEncoding = 4; lastKnownFileType = sourcecode.c.objc; path = "UIGestureRecognizer+GestureCapture.m"; sourceTree = "<group>"; };
		392F3557225F6882003E8CF2 /* UIControl+TapCapture.h */ = {isa = PBXFileReference; fileEncoding = 4; lastKnownFileType = sourcecode.c.h; path = "UIControl+TapCapture.h"; sourceTree = "<group>"; };
		392F3559225F6882003E8CF2 /* DTXCaptureControlWindow.h */ = {isa = PBXFileReference; fileEncoding = 4; lastKnownFileType = sourcecode.c.h; path = DTXCaptureControlWindow.h; sourceTree = "<group>"; };
		392F355A225F6882003E8CF2 /* DTXCaptureControlWindow.m */ = {isa = PBXFileReference; fileEncoding = 4; lastKnownFileType = sourcecode.c.objc; path = DTXCaptureControlWindow.m; sourceTree = "<group>"; };
		392F355C225F6882003E8CF2 /* DTXUIInteractionRecorder.m */ = {isa = PBXFileReference; fileEncoding = 4; lastKnownFileType = sourcecode.c.objc; path = DTXUIInteractionRecorder.m; sourceTree = "<group>"; };
		393CB0EE24C5BC1800BDBDA9 /* DTXSocketConnection.xcodeproj */ = {isa = PBXFileReference; lastKnownFileType = "wrapper.pb-project"; name = DTXSocketConnection.xcodeproj; path = DTXSocketConnection/DTXSocketConnection.xcodeproj; sourceTree = "<group>"; };
		393CB10024C5ECA000BDBDA9 /* DTXRecSettingsMultipleChoiceController.h */ = {isa = PBXFileReference; lastKnownFileType = sourcecode.c.h; path = DTXRecSettingsMultipleChoiceController.h; sourceTree = "<group>"; };
		393CB10124C5ECA000BDBDA9 /* DTXRecSettingsMultipleChoiceController.m */ = {isa = PBXFileReference; lastKnownFileType = sourcecode.c.objc; path = DTXRecSettingsMultipleChoiceController.m; sourceTree = "<group>"; };
		39449C482462F68000B967FC /* _DTXSetDatePickerDateAction.h */ = {isa = PBXFileReference; lastKnownFileType = sourcecode.c.h; path = _DTXSetDatePickerDateAction.h; sourceTree = "<group>"; };
		39449C492462F68000B967FC /* _DTXSetDatePickerDateAction.m */ = {isa = PBXFileReference; lastKnownFileType = sourcecode.c.objc; path = _DTXSetDatePickerDateAction.m; sourceTree = "<group>"; };
		39449C4C2462F81800B967FC /* _DTXPickerViewValueChangeAction.h */ = {isa = PBXFileReference; lastKnownFileType = sourcecode.c.h; path = _DTXPickerViewValueChangeAction.h; sourceTree = "<group>"; };
		39449C4D2462F81800B967FC /* _DTXPickerViewValueChangeAction.m */ = {isa = PBXFileReference; lastKnownFileType = sourcecode.c.objc; path = _DTXPickerViewValueChangeAction.m; sourceTree = "<group>"; };
		394535B7226D4E4A00F08C55 /* _DTXTapAction.h */ = {isa = PBXFileReference; lastKnownFileType = sourcecode.c.h; path = _DTXTapAction.h; sourceTree = "<group>"; };
		394535B8226D4E4A00F08C55 /* _DTXTapAction.m */ = {isa = PBXFileReference; lastKnownFileType = sourcecode.c.objc; path = _DTXTapAction.m; sourceTree = "<group>"; };
		394535BA226D502000F08C55 /* DTXRecordedAction-Private.h */ = {isa = PBXFileReference; lastKnownFileType = sourcecode.c.h; path = "DTXRecordedAction-Private.h"; sourceTree = "<group>"; };
		394535BB226D515000F08C55 /* _DTXScrollAction.h */ = {isa = PBXFileReference; lastKnownFileType = sourcecode.c.h; path = _DTXScrollAction.h; sourceTree = "<group>"; };
		394535BC226D515000F08C55 /* _DTXScrollAction.m */ = {isa = PBXFileReference; lastKnownFileType = sourcecode.c.objc; path = _DTXScrollAction.m; sourceTree = "<group>"; };
		394535BE226D570B00F08C55 /* _DTXReplaceTextAction.h */ = {isa = PBXFileReference; lastKnownFileType = sourcecode.c.h; path = _DTXReplaceTextAction.h; sourceTree = "<group>"; };
		394535BF226D570B00F08C55 /* _DTXReplaceTextAction.m */ = {isa = PBXFileReference; lastKnownFileType = sourcecode.c.objc; path = _DTXReplaceTextAction.m; sourceTree = "<group>"; };
		39454C1B24A91BB100761A51 /* DTXSwizzlingHelper.h */ = {isa = PBXFileReference; fileEncoding = 4; lastKnownFileType = sourcecode.c.h; name = DTXSwizzlingHelper.h; path = ObjCHelpers/DTXSwizzlingHelper.h; sourceTree = "<group>"; };
		39454C2224AA3CBF00761A51 /* _DTXCodeCommentAction.h */ = {isa = PBXFileReference; lastKnownFileType = sourcecode.c.h; path = _DTXCodeCommentAction.h; sourceTree = "<group>"; };
		39454C2324AA3CBF00761A51 /* _DTXCodeCommentAction.m */ = {isa = PBXFileReference; lastKnownFileType = sourcecode.c.objc; path = _DTXCodeCommentAction.m; sourceTree = "<group>"; };
		395AD7C624B385D4002B382B /* DTXLogging.m */ = {isa = PBXFileReference; fileEncoding = 4; lastKnownFileType = sourcecode.c.objc; name = DTXLogging.m; path = DTXLoggingInfra/DTXLogging.m; sourceTree = SOURCE_ROOT; };
		395AD7C724B385D4002B382B /* DTXLogging.h */ = {isa = PBXFileReference; fileEncoding = 4; lastKnownFileType = sourcecode.c.h; name = DTXLogging.h; path = DTXLoggingInfra/DTXLogging.h; sourceTree = SOURCE_ROOT; };
		395AD7CA24B385E7002B382B /* DTXLoggingSubsystem.h */ = {isa = PBXFileReference; lastKnownFileType = sourcecode.c.h; path = DTXLoggingSubsystem.h; sourceTree = "<group>"; };
		395AD7FB24B4A02C002B382B /* UIWindow+RecorderUtils.h */ = {isa = PBXFileReference; lastKnownFileType = sourcecode.c.h; path = "UIWindow+RecorderUtils.h"; sourceTree = "<group>"; };
		395AD7FC24B4A02C002B382B /* UIWindow+RecorderUtils.m */ = {isa = PBXFileReference; lastKnownFileType = sourcecode.c.objc; path = "UIWindow+RecorderUtils.m"; sourceTree = "<group>"; };
		397CA713247EB41B005E8A71 /* DetoxRecorderCLI */ = {isa = PBXFileReference; explicitFileType = "compiled.mach-o.executable"; includeInIndex = 0; path = DetoxRecorderCLI; sourceTree = BUILT_PRODUCTS_DIR; };
		397CA715247EB41B005E8A71 /* main.swift */ = {isa = PBXFileReference; lastKnownFileType = sourcecode.swift; path = main.swift; sourceTree = "<group>"; };
		397CA753247EBBCD005E8A71 /* LNOptionsParser.swift */ = {isa = PBXFileReference; lastKnownFileType = sourcecode.swift; name = LNOptionsParser.swift; path = ObjCCLIInfra/LNOptionsParser.swift; sourceTree = "<group>"; };
		397CA755247EE05D005E8A71 /* LNLog.h */ = {isa = PBXFileReference; fileEncoding = 4; lastKnownFileType = sourcecode.c.h; name = LNLog.h; path = ObjCCLIInfra/LNLog.h; sourceTree = "<group>"; };
		397CA756247EE05D005E8A71 /* LNOptionsParser.h */ = {isa = PBXFileReference; fileEncoding = 4; lastKnownFileType = sourcecode.c.h; name = LNOptionsParser.h; path = ObjCCLIInfra/LNOptionsParser.h; sourceTree = "<group>"; };
		397CA757247EE05D005E8A71 /* LNOptionsParser.m */ = {isa = PBXFileReference; fileEncoding = 4; lastKnownFileType = sourcecode.c.objc; name = LNOptionsParser.m; path = ObjCCLIInfra/LNOptionsParser.m; sourceTree = "<group>"; };
		397CA758247EE05D005E8A71 /* LNLog.m */ = {isa = PBXFileReference; fileEncoding = 4; lastKnownFileType = sourcecode.c.objc; name = LNLog.m; path = ObjCCLIInfra/LNLog.m; sourceTree = "<group>"; };
		397CA75C247EE076005E8A71 /* GBSettings.m */ = {isa = PBXFileReference; fileEncoding = 4; lastKnownFileType = sourcecode.c.objc; name = GBSettings.m; path = ObjCCLIInfra/GBCli/GBCli/src/GBSettings.m; sourceTree = "<group>"; };
		397CA75D247EE076005E8A71 /* GBPrint.m */ = {isa = PBXFileReference; fileEncoding = 4; lastKnownFileType = sourcecode.c.objc; name = GBPrint.m; path = ObjCCLIInfra/GBCli/GBCli/src/GBPrint.m; sourceTree = "<group>"; };
		397CA75E247EE076005E8A71 /* GBCommandLineParser.h */ = {isa = PBXFileReference; fileEncoding = 4; lastKnownFileType = sourcecode.c.h; name = GBCommandLineParser.h; path = ObjCCLIInfra/GBCli/GBCli/src/GBCommandLineParser.h; sourceTree = "<group>"; };
		397CA75F247EE076005E8A71 /* GBCommandLineParser.m */ = {isa = PBXFileReference; fileEncoding = 4; lastKnownFileType = sourcecode.c.objc; name = GBCommandLineParser.m; path = ObjCCLIInfra/GBCli/GBCli/src/GBCommandLineParser.m; sourceTree = "<group>"; };
		397CA760247EE076005E8A71 /* GBOptionsHelper.h */ = {isa = PBXFileReference; fileEncoding = 4; lastKnownFileType = sourcecode.c.h; name = GBOptionsHelper.h; path = ObjCCLIInfra/GBCli/GBCli/src/GBOptionsHelper.h; sourceTree = "<group>"; };
		397CA761247EE076005E8A71 /* GBPrint.h */ = {isa = PBXFileReference; fileEncoding = 4; lastKnownFileType = sourcecode.c.h; name = GBPrint.h; path = ObjCCLIInfra/GBCli/GBCli/src/GBPrint.h; sourceTree = "<group>"; };
		397CA762247EE076005E8A71 /* GBCli.h */ = {isa = PBXFileReference; fileEncoding = 4; lastKnownFileType = sourcecode.c.h; name = GBCli.h; path = ObjCCLIInfra/GBCli/GBCli/src/GBCli.h; sourceTree = "<group>"; };
		397CA763247EE076005E8A71 /* GBOptionsHelper.m */ = {isa = PBXFileReference; fileEncoding = 4; lastKnownFileType = sourcecode.c.objc; name = GBOptionsHelper.m; path = ObjCCLIInfra/GBCli/GBCli/src/GBOptionsHelper.m; sourceTree = "<group>"; };
		397CA764247EE076005E8A71 /* GBSettings.h */ = {isa = PBXFileReference; fileEncoding = 4; lastKnownFileType = sourcecode.c.h; name = GBSettings.h; path = ObjCCLIInfra/GBCli/GBCli/src/GBSettings.h; sourceTree = "<group>"; };
		39AE548C2490FA3A0093BFEE /* _DTXAdjustSliderAction.h */ = {isa = PBXFileReference; lastKnownFileType = sourcecode.c.h; path = _DTXAdjustSliderAction.h; sourceTree = "<group>"; };
		39AE548D2490FA3A0093BFEE /* _DTXAdjustSliderAction.m */ = {isa = PBXFileReference; lastKnownFileType = sourcecode.c.objc; path = _DTXAdjustSliderAction.m; sourceTree = "<group>"; };
		39AE54902490FAE10093BFEE /* UISlider+RecorderUtils.h */ = {isa = PBXFileReference; lastKnownFileType = sourcecode.c.h; path = "UISlider+RecorderUtils.h"; sourceTree = "<group>"; };
		39AE54912490FAE10093BFEE /* UISlider+RecorderUtils.m */ = {isa = PBXFileReference; lastKnownFileType = sourcecode.c.objc; path = "UISlider+RecorderUtils.m"; sourceTree = "<group>"; };
		39AE549B249247370093BFEE /* DTXRecSettingsViewController.h */ = {isa = PBXFileReference; lastKnownFileType = sourcecode.c.h; path = DTXRecSettingsViewController.h; sourceTree = "<group>"; };
		39AE549C249247370093BFEE /* DTXRecSettingsViewController.m */ = {isa = PBXFileReference; lastKnownFileType = sourcecode.c.objc; path = DTXRecSettingsViewController.m; sourceTree = "<group>"; };
		39B71F8D2464142B00CC9A88 /* DetoxRecorder.pch */ = {isa = PBXFileReference; lastKnownFileType = sourcecode.c.h; path = DetoxRecorder.pch; sourceTree = "<group>"; };
		39B85D2F24B1F70A00EF17BB /* version.h */ = {isa = PBXFileReference; lastKnownFileType = sourcecode.c.h; path = version.h; sourceTree = "<group>"; };
		39B85D3024B1F85B00EF17BB /* Swift-Bridging-Header.h */ = {isa = PBXFileReference; lastKnownFileType = sourcecode.c.h; path = "Swift-Bridging-Header.h"; sourceTree = "<group>"; };
		39B85D5024B27B4B00EF17BB /* DTXLogging.swift */ = {isa = PBXFileReference; fileEncoding = 4; lastKnownFileType = sourcecode.swift; name = DTXLogging.swift; path = DTXLoggingInfra/DTXLogging.swift; sourceTree = SOURCE_ROOT; };
		39BA9FB024A112D500681E72 /* ShakeCapture.m */ = {isa = PBXFileReference; lastKnownFileType = sourcecode.c.objc; path = ShakeCapture.m; sourceTree = "<group>"; };
		39BA9FB324A11A2400681E72 /* _DTXShakeDeviceAction.h */ = {isa = PBXFileReference; lastKnownFileType = sourcecode.c.h; path = _DTXShakeDeviceAction.h; sourceTree = "<group>"; };
		39BA9FB424A11A2400681E72 /* _DTXShakeDeviceAction.m */ = {isa = PBXFileReference; lastKnownFileType = sourcecode.c.objc; path = _DTXShakeDeviceAction.m; sourceTree = "<group>"; };
		39C0133F2472EB8E00784C84 /* _DTXLongPressAction.h */ = {isa = PBXFileReference; lastKnownFileType = sourcecode.c.h; path = _DTXLongPressAction.h; sourceTree = "<group>"; };
		39C013402472EB8E00784C84 /* _DTXLongPressAction.m */ = {isa = PBXFileReference; lastKnownFileType = sourcecode.c.objc; path = _DTXLongPressAction.m; sourceTree = "<group>"; };
		39C0135C2473CC8000784C84 /* DTXAppleInternals.h */ = {isa = PBXFileReference; fileEncoding = 4; lastKnownFileType = sourcecode.c.h; path = DTXAppleInternals.h; sourceTree = "<group>"; };
		39C0135D2473CC8000784C84 /* NSUserDefaults+RecorderUtils.h */ = {isa = PBXFileReference; fileEncoding = 4; lastKnownFileType = sourcecode.c.h; path = "NSUserDefaults+RecorderUtils.h"; sourceTree = "<group>"; };
		39C0135E2473CC8000784C84 /* UIPickerView+RecorderUtils.m */ = {isa = PBXFileReference; fileEncoding = 4; lastKnownFileType = sourcecode.c.objc; path = "UIPickerView+RecorderUtils.m"; sourceTree = "<group>"; };
		39C0135F2473CC8000784C84 /* NSUserDefaults+RecorderUtils.m */ = {isa = PBXFileReference; fileEncoding = 4; lastKnownFileType = sourcecode.c.objc; path = "NSUserDefaults+RecorderUtils.m"; sourceTree = "<group>"; };
		39C013722473CC8000784C84 /* UIDatePicker+RecorderUtils.m */ = {isa = PBXFileReference; fileEncoding = 4; lastKnownFileType = sourcecode.c.objc; path = "UIDatePicker+RecorderUtils.m"; sourceTree = "<group>"; };
		39C013732473CC8000784C84 /* UIApplication+EnableAccessibility.m */ = {isa = PBXFileReference; fileEncoding = 4; lastKnownFileType = sourcecode.c.objc; path = "UIApplication+EnableAccessibility.m"; sourceTree = "<group>"; };
		39C013742473CC8000784C84 /* UIApplication+EnableAccessibility.h */ = {isa = PBXFileReference; fileEncoding = 4; lastKnownFileType = sourcecode.c.h; path = "UIApplication+EnableAccessibility.h"; sourceTree = "<group>"; };
		39C013752473CC8000784C84 /* UIDatePicker+RecorderUtils.h */ = {isa = PBXFileReference; fileEncoding = 4; lastKnownFileType = sourcecode.c.h; path = "UIDatePicker+RecorderUtils.h"; sourceTree = "<group>"; };
		39C013762473CC8000784C84 /* UIPickerView+RecorderUtils.h */ = {isa = PBXFileReference; fileEncoding = 4; lastKnownFileType = sourcecode.c.h; path = "UIPickerView+RecorderUtils.h"; sourceTree = "<group>"; };
		39C013772473CC8000784C84 /* UIView+RecorderUtils.h */ = {isa = PBXFileReference; fileEncoding = 4; lastKnownFileType = sourcecode.c.h; path = "UIView+RecorderUtils.h"; sourceTree = "<group>"; };
		39C013782473CC8000784C84 /* UIView+RecorderUtils.m */ = {isa = PBXFileReference; fileEncoding = 4; lastKnownFileType = sourcecode.c.objc; path = "UIView+RecorderUtils.m"; sourceTree = "<group>"; };
		39C013952473CC9100784C84 /* Swiftier.h */ = {isa = PBXFileReference; fileEncoding = 4; lastKnownFileType = sourcecode.c.h; name = Swiftier.h; path = ObjCHelpers/Swiftier.h; sourceTree = "<group>"; };
		39C013972473CD0900784C84 /* NSArray+Utils.m */ = {isa = PBXFileReference; fileEncoding = 4; lastKnownFileType = sourcecode.c.objc; name = "NSArray+Utils.m"; path = "ObjCHelpers/NSArray+Utils.m"; sourceTree = "<group>"; };
		39C013982473CD0900784C84 /* NSArray+Utils.h */ = {isa = PBXFileReference; fileEncoding = 4; lastKnownFileType = sourcecode.c.h; name = "NSArray+Utils.h"; path = "ObjCHelpers/NSArray+Utils.h"; sourceTree = "<group>"; };
		39C201A5226D474900E8CE30 /* DTXRecordedAction.h */ = {isa = PBXFileReference; lastKnownFileType = sourcecode.c.h; path = DTXRecordedAction.h; sourceTree = "<group>"; };
		39C201A6226D474900E8CE30 /* DTXRecordedAction.m */ = {isa = PBXFileReference; lastKnownFileType = sourcecode.c.objc; path = DTXRecordedAction.m; sourceTree = "<group>"; };
		39C201A8226D476600E8CE30 /* DTXRecordedElement.h */ = {isa = PBXFileReference; lastKnownFileType = sourcecode.c.h; path = DTXRecordedElement.h; sourceTree = "<group>"; };
		39C201A9226D476600E8CE30 /* DTXRecordedElement.m */ = {isa = PBXFileReference; lastKnownFileType = sourcecode.c.objc; path = DTXRecordedElement.m; sourceTree = "<group>"; };
		39C7DF5722626929002BABAE /* UIScrollView+ScrollToTopCapture.m */ = {isa = PBXFileReference; fileEncoding = 4; lastKnownFileType = sourcecode.c.objc; path = "UIScrollView+ScrollToTopCapture.m"; sourceTree = "<group>"; };
		39C7DF582262692A002BABAE /* UIScrollView+ScrollToTopCapture.h */ = {isa = PBXFileReference; fileEncoding = 4; lastKnownFileType = sourcecode.c.h; path = "UIScrollView+ScrollToTopCapture.h"; sourceTree = "<group>"; };
		39C86B1A24C65ED9006F214F /* NSString+SimulatorSafeTildeExpansion.h */ = {isa = PBXFileReference; lastKnownFileType = sourcecode.c.h; path = "NSString+SimulatorSafeTildeExpansion.h"; sourceTree = "<group>"; };
		39C86B1B24C65ED9006F214F /* NSString+SimulatorSafeTildeExpansion.m */ = {isa = PBXFileReference; lastKnownFileType = sourcecode.c.objc; path = "NSString+SimulatorSafeTildeExpansion.m"; sourceTree = "<group>"; };
		39EB26B6226D5A1000621FBA /* _DTXTakeScreenshotAction.h */ = {isa = PBXFileReference; lastKnownFileType = sourcecode.c.h; path = _DTXTakeScreenshotAction.h; sourceTree = "<group>"; };
		39EB26B7226D5A1000621FBA /* _DTXTakeScreenshotAction.m */ = {isa = PBXFileReference; lastKnownFileType = sourcecode.c.objc; path = _DTXTakeScreenshotAction.m; sourceTree = "<group>"; };
		39F5AD002461A28400FB7F18 /* DetoxRecorder.framework */ = {isa = PBXFileReference; explicitFileType = wrapper.framework; includeInIndex = 0; path = DetoxRecorder.framework; sourceTree = BUILT_PRODUCTS_DIR; };
		39F5AD022461A28400FB7F18 /* DetoxRecorder.h */ = {isa = PBXFileReference; lastKnownFileType = sourcecode.c.h; path = DetoxRecorder.h; sourceTree = "<group>"; };
		39F5AD032461A28400FB7F18 /* Info.plist */ = {isa = PBXFileReference; lastKnownFileType = text.plist.xml; path = Info.plist; sourceTree = "<group>"; };
		39F5AD272461F70A00FB7F18 /* _DTXScrollToAction.h */ = {isa = PBXFileReference; lastKnownFileType = sourcecode.c.h; path = _DTXScrollToAction.h; sourceTree = "<group>"; };
		39F5AD282461F70A00FB7F18 /* _DTXScrollToAction.m */ = {isa = PBXFileReference; lastKnownFileType = sourcecode.c.objc; path = _DTXScrollToAction.m; sourceTree = "<group>"; };
		39FB28E324C4B00500A0EF16 /* RecordingHandler.swift */ = {isa = PBXFileReference; lastKnownFileType = sourcecode.swift; path = RecordingHandler.swift; sourceTree = "<group>"; };
		39FFFB1624C737A000B83E80 /* DTXUIInteractionRecorder-Private.h */ = {isa = PBXFileReference; lastKnownFileType = sourcecode.c.h; path = "DTXUIInteractionRecorder-Private.h"; sourceTree = "<group>"; };
/* End PBXFileReference section */

/* Begin PBXFrameworksBuildPhase section */
		397CA710247EB41B005E8A71 /* Frameworks */ = {
			isa = PBXFrameworksBuildPhase;
			buildActionMask = 2147483647;
			files = (
				393CB0F924C5BC3200BDBDA9 /* DTXSocketConnection.framework in Frameworks */,
			);
			runOnlyForDeploymentPostprocessing = 0;
		};
		39F5ACFD2461A28400FB7F18 /* Frameworks */ = {
			isa = PBXFrameworksBuildPhase;
			buildActionMask = 2147483647;
			files = (
				393CB0FD24C5BC4600BDBDA9 /* DTXSocketConnection.framework in Frameworks */,
			);
			runOnlyForDeploymentPostprocessing = 0;
		};
/* End PBXFrameworksBuildPhase section */

/* Begin PBXGroup section */
		390FF62B249686100022BF11 /* EventCapture */ = {
			isa = PBXGroup;
			children = (
				39BA9FB024A112D500681E72 /* ShakeCapture.m */,
				392F3557225F6882003E8CF2 /* UIControl+TapCapture.h */,
				392F3550225F6882003E8CF2 /* UIControl+TapCapture.m */,
				392F3552225F6882003E8CF2 /* UIGestureRecognizer+GestureCapture.h */,
				392F3555225F6882003E8CF2 /* UIGestureRecognizer+GestureCapture.m */,
				392F3551225F6882003E8CF2 /* UIInputCapture.h */,
				392F3554225F6882003E8CF2 /* UIInputCapture.m */,
				39C7DF582262692A002BABAE /* UIScrollView+ScrollToTopCapture.h */,
				39C7DF5722626929002BABAE /* UIScrollView+ScrollToTopCapture.m */,
				390FF6382497CB3A0022BF11 /* UITableView+SelectionCapture.h */,
				390FF6392497CB3A0022BF11 /* UITableView+SelectionCapture.m */,
			);
			path = EventCapture;
			sourceTree = "<group>";
		};
		392F353B225F6851003E8CF2 = {
			isa = PBXGroup;
			children = (
				393CB0EE24C5BC1800BDBDA9 /* DTXSocketConnection.xcodeproj */,
				39AE549A2492464C0093BFEE /* Settings */,
				39449C3F2462E78100B967FC /* Utils */,
				390FF62B249686100022BF11 /* EventCapture */,
				39C201A4226D471100E8CE30 /* Actions */,
				392F3559225F6882003E8CF2 /* DTXCaptureControlWindow.h */,
				392F355A225F6882003E8CF2 /* DTXCaptureControlWindow.m */,
				392F3553225F6882003E8CF2 /* DTXUIInteractionRecorder.h */,
				39FFFB1624C737A000B83E80 /* DTXUIInteractionRecorder-Private.h */,
				392F355C225F6882003E8CF2 /* DTXUIInteractionRecorder.m */,
				39F5AD022461A28400FB7F18 /* DetoxRecorder.h */,
				39B71F8D2464142B00CC9A88 /* DetoxRecorder.pch */,
				39F5AD032461A28400FB7F18 /* Info.plist */,
				397CA714247EB41B005E8A71 /* DetoxRecorderCLI */,
				392F3545225F6851003E8CF2 /* Products */,
				39FB28D524C48F6700A0EF16 /* Frameworks */,
			);
			sourceTree = "<group>";
		};
		392F3545225F6851003E8CF2 /* Products */ = {
			isa = PBXGroup;
			children = (
				39F5AD002461A28400FB7F18 /* DetoxRecorder.framework */,
				397CA713247EB41B005E8A71 /* DetoxRecorderCLI */,
			);
			name = Products;
			sourceTree = "<group>";
		};
		393CB0EF24C5BC1800BDBDA9 /* Products */ = {
			isa = PBXGroup;
			children = (
				393CB0F424C5BC1800BDBDA9 /* DTXSocketConnection.framework */,
				393CB0F624C5BC1800BDBDA9 /* DTXSocketConnection.framework */,
			);
			name = Products;
			sourceTree = "<group>";
		};
		39449C3F2462E78100B967FC /* Utils */ = {
			isa = PBXGroup;
			children = (
				39C0135C2473CC8000784C84 /* DTXAppleInternals.h */,
				395AD7C724B385D4002B382B /* DTXLogging.h */,
				395AD7C624B385D4002B382B /* DTXLogging.m */,
				395AD7CA24B385E7002B382B /* DTXLoggingSubsystem.h */,
				39454C1B24A91BB100761A51 /* DTXSwizzlingHelper.h */,
				39C013982473CD0900784C84 /* NSArray+Utils.h */,
				39C013972473CD0900784C84 /* NSArray+Utils.m */,
				390FF63C249820190022BF11 /* NSObject+AttachedObjects.h */,
				390FF63D249820190022BF11 /* NSObject+AttachedObjects.m */,
				390FF62C24968B620022BF11 /* NSString+QuotedStringForJS.h */,
				390FF62D24968B620022BF11 /* NSString+QuotedStringForJS.m */,
				39C86B1A24C65ED9006F214F /* NSString+SimulatorSafeTildeExpansion.h */,
				39C86B1B24C65ED9006F214F /* NSString+SimulatorSafeTildeExpansion.m */,
				39C0135D2473CC8000784C84 /* NSUserDefaults+RecorderUtils.h */,
				39C0135F2473CC8000784C84 /* NSUserDefaults+RecorderUtils.m */,
				39C013952473CC9100784C84 /* Swiftier.h */,
				39C013742473CC8000784C84 /* UIApplication+EnableAccessibility.h */,
				39C013732473CC8000784C84 /* UIApplication+EnableAccessibility.m */,
				39C013752473CC8000784C84 /* UIDatePicker+RecorderUtils.h */,
				39C013722473CC8000784C84 /* UIDatePicker+RecorderUtils.m */,
				39C013762473CC8000784C84 /* UIPickerView+RecorderUtils.h */,
				39C0135E2473CC8000784C84 /* UIPickerView+RecorderUtils.m */,
				39AE54902490FAE10093BFEE /* UISlider+RecorderUtils.h */,
				39AE54912490FAE10093BFEE /* UISlider+RecorderUtils.m */,
				39C013772473CC8000784C84 /* UIView+RecorderUtils.h */,
				39C013782473CC8000784C84 /* UIView+RecorderUtils.m */,
				395AD7FB24B4A02C002B382B /* UIWindow+RecorderUtils.h */,
				395AD7FC24B4A02C002B382B /* UIWindow+RecorderUtils.m */,
			);
			path = Utils;
			sourceTree = "<group>";
		};
		397CA714247EB41B005E8A71 /* DetoxRecorderCLI */ = {
			isa = PBXGroup;
			children = (
				397CA71A247EB4D8005E8A71 /* CLIInfra */,
				39FB28E324C4B00500A0EF16 /* RecordingHandler.swift */,
				397CA715247EB41B005E8A71 /* main.swift */,
				39B85D5024B27B4B00EF17BB /* DTXLogging.swift */,
				39B85D3024B1F85B00EF17BB /* Swift-Bridging-Header.h */,
				39B85D2F24B1F70A00EF17BB /* version.h */,
			);
			path = DetoxRecorderCLI;
			sourceTree = "<group>";
		};
		397CA71A247EB4D8005E8A71 /* CLIInfra */ = {
			isa = PBXGroup;
			children = (
				397CA75B247EE066005E8A71 /* GBCli */,
				397CA755247EE05D005E8A71 /* LNLog.h */,
				397CA758247EE05D005E8A71 /* LNLog.m */,
				397CA756247EE05D005E8A71 /* LNOptionsParser.h */,
				397CA757247EE05D005E8A71 /* LNOptionsParser.m */,
				397CA753247EBBCD005E8A71 /* LNOptionsParser.swift */,
			);
			name = CLIInfra;
			sourceTree = "<group>";
		};
		397CA75B247EE066005E8A71 /* GBCli */ = {
			isa = PBXGroup;
			children = (
				397CA762247EE076005E8A71 /* GBCli.h */,
				397CA75E247EE076005E8A71 /* GBCommandLineParser.h */,
				397CA75F247EE076005E8A71 /* GBCommandLineParser.m */,
				397CA760247EE076005E8A71 /* GBOptionsHelper.h */,
				397CA763247EE076005E8A71 /* GBOptionsHelper.m */,
				397CA761247EE076005E8A71 /* GBPrint.h */,
				397CA75D247EE076005E8A71 /* GBPrint.m */,
				397CA764247EE076005E8A71 /* GBSettings.h */,
				397CA75C247EE076005E8A71 /* GBSettings.m */,
			);
			name = GBCli;
			sourceTree = "<group>";
		};
		39AE549A2492464C0093BFEE /* Settings */ = {
			isa = PBXGroup;
			children = (
				39AE549B249247370093BFEE /* DTXRecSettingsViewController.h */,
				39AE549C249247370093BFEE /* DTXRecSettingsViewController.m */,
				393CB10024C5ECA000BDBDA9 /* DTXRecSettingsMultipleChoiceController.h */,
				393CB10124C5ECA000BDBDA9 /* DTXRecSettingsMultipleChoiceController.m */,
			);
			path = Settings;
			sourceTree = "<group>";
		};
		39C201A4226D471100E8CE30 /* Actions */ = {
			isa = PBXGroup;
			children = (
				39AE548C2490FA3A0093BFEE /* _DTXAdjustSliderAction.h */,
				39AE548D2490FA3A0093BFEE /* _DTXAdjustSliderAction.m */,
				39454C2224AA3CBF00761A51 /* _DTXCodeCommentAction.h */,
				39454C2324AA3CBF00761A51 /* _DTXCodeCommentAction.m */,
				39C0133F2472EB8E00784C84 /* _DTXLongPressAction.h */,
				39C013402472EB8E00784C84 /* _DTXLongPressAction.m */,
				39449C4C2462F81800B967FC /* _DTXPickerViewValueChangeAction.h */,
				39449C4D2462F81800B967FC /* _DTXPickerViewValueChangeAction.m */,
				394535BE226D570B00F08C55 /* _DTXReplaceTextAction.h */,
				394535BF226D570B00F08C55 /* _DTXReplaceTextAction.m */,
				394535BB226D515000F08C55 /* _DTXScrollAction.h */,
				394535BC226D515000F08C55 /* _DTXScrollAction.m */,
				39F5AD272461F70A00FB7F18 /* _DTXScrollToAction.h */,
				39F5AD282461F70A00FB7F18 /* _DTXScrollToAction.m */,
				39449C482462F68000B967FC /* _DTXSetDatePickerDateAction.h */,
				39449C492462F68000B967FC /* _DTXSetDatePickerDateAction.m */,
				39BA9FB324A11A2400681E72 /* _DTXShakeDeviceAction.h */,
				39BA9FB424A11A2400681E72 /* _DTXShakeDeviceAction.m */,
				39EB26B6226D5A1000621FBA /* _DTXTakeScreenshotAction.h */,
				39EB26B7226D5A1000621FBA /* _DTXTakeScreenshotAction.m */,
				394535B7226D4E4A00F08C55 /* _DTXTapAction.h */,
				394535B8226D4E4A00F08C55 /* _DTXTapAction.m */,
				394535BA226D502000F08C55 /* DTXRecordedAction-Private.h */,
				39C201A5226D474900E8CE30 /* DTXRecordedAction.h */,
				39C201A6226D474900E8CE30 /* DTXRecordedAction.m */,
				39C201A8226D476600E8CE30 /* DTXRecordedElement.h */,
				39C201A9226D476600E8CE30 /* DTXRecordedElement.m */,
			);
			path = Actions;
			sourceTree = "<group>";
		};
		39FB28D524C48F6700A0EF16 /* Frameworks */ = {
			isa = PBXGroup;
			children = (
			);
			name = Frameworks;
			sourceTree = "<group>";
		};
/* End PBXGroup section */

/* Begin PBXHeadersBuildPhase section */
		39F5ACFB2461A28400FB7F18 /* Headers */ = {
			isa = PBXHeadersBuildPhase;
			buildActionMask = 2147483647;
			files = (
				39449C4A2462F68000B967FC /* _DTXSetDatePickerDateAction.h in Headers */,
				395AD7C924B385D4002B382B /* DTXLogging.h in Headers */,
				39454C2424AA3CBF00761A51 /* _DTXCodeCommentAction.h in Headers */,
				39AE54922490FAE10093BFEE /* UISlider+RecorderUtils.h in Headers */,
				39C013932473CC8000784C84 /* UIView+RecorderUtils.h in Headers */,
				39F5AD202461A31400FB7F18 /* DTXUIInteractionRecorder.h in Headers */,
				39C013792473CC8000784C84 /* DTXAppleInternals.h in Headers */,
				39454C1C24A91BB100761A51 /* DTXSwizzlingHelper.h in Headers */,
				395AD7CC24B38D04002B382B /* DTXLoggingSubsystem.h in Headers */,
				39AE549D249247370093BFEE /* DTXRecSettingsViewController.h in Headers */,
				390FF63A2497CB3A0022BF11 /* UITableView+SelectionCapture.h in Headers */,
				390FF63E249820190022BF11 /* NSObject+AttachedObjects.h in Headers */,
				39F5AD292461F70A00FB7F18 /* _DTXScrollToAction.h in Headers */,
				39C86B1C24C65ED9006F214F /* NSString+SimulatorSafeTildeExpansion.h in Headers */,
				39C013962473CC9100784C84 /* Swiftier.h in Headers */,
				39C013922473CC8000784C84 /* UIPickerView+RecorderUtils.h in Headers */,
				39F5AD042461A28400FB7F18 /* DetoxRecorder.h in Headers */,
				390FF62E24968B620022BF11 /* NSString+QuotedStringForJS.h in Headers */,
				39C013412472EB8E00784C84 /* _DTXLongPressAction.h in Headers */,
				39C0139A2473CD0900784C84 /* NSArray+Utils.h in Headers */,
				39C0137A2473CC8000784C84 /* NSUserDefaults+RecorderUtils.h in Headers */,
				393CB10224C5ECA000BDBDA9 /* DTXRecSettingsMultipleChoiceController.h in Headers */,
				39C013902473CC8000784C84 /* UIApplication+EnableAccessibility.h in Headers */,
				39BA9FB524A11A2400681E72 /* _DTXShakeDeviceAction.h in Headers */,
				39C013912473CC8000784C84 /* UIDatePicker+RecorderUtils.h in Headers */,
				39449C4E2462F81800B967FC /* _DTXPickerViewValueChangeAction.h in Headers */,
				395AD7FD24B4A02C002B382B /* UIWindow+RecorderUtils.h in Headers */,
				39AE548E2490FA3A0093BFEE /* _DTXAdjustSliderAction.h in Headers */,
			);
			runOnlyForDeploymentPostprocessing = 0;
		};
/* End PBXHeadersBuildPhase section */

/* Begin PBXNativeTarget section */
		397CA712247EB41B005E8A71 /* DetoxRecorderCLI */ = {
			isa = PBXNativeTarget;
			buildConfigurationList = 397CA717247EB41B005E8A71 /* Build configuration list for PBXNativeTarget "DetoxRecorderCLI" */;
			buildPhases = (
				397CA70F247EB41B005E8A71 /* Sources */,
				397CA710247EB41B005E8A71 /* Frameworks */,
				397CA711247EB41B005E8A71 /* CopyFiles */,
				393CB0E024C4C3EF00BDBDA9 /* Embed Frameworks */,
			);
			buildRules = (
			);
			dependencies = (
				393CB0F824C5BC2800BDBDA9 /* PBXTargetDependency */,
			);
			name = DetoxRecorderCLI;
			productName = DetoxRecorderCLI;
			productReference = 397CA713247EB41B005E8A71 /* DetoxRecorderCLI */;
			productType = "com.apple.product-type.tool";
		};
		39F5ACFF2461A28400FB7F18 /* DetoxRecorder */ = {
			isa = PBXNativeTarget;
			buildConfigurationList = 39F5AD052461A28400FB7F18 /* Build configuration list for PBXNativeTarget "DetoxRecorder" */;
			buildPhases = (
				39F5ACFB2461A28400FB7F18 /* Headers */,
				39F5ACFC2461A28400FB7F18 /* Sources */,
				39F5ACFD2461A28400FB7F18 /* Frameworks */,
				39F5ACFE2461A28400FB7F18 /* Resources */,
				39FB28DD24C4919800A0EF16 /* Embed Frameworks */,
				39995EEB2572B9A600CE4AED /* Versions */,
			);
			buildRules = (
			);
			dependencies = (
				393CB0FC24C5BC3E00BDBDA9 /* PBXTargetDependency */,
			);
			name = DetoxRecorder;
			productName = Replay;
			productReference = 39F5AD002461A28400FB7F18 /* DetoxRecorder.framework */;
			productType = "com.apple.product-type.framework";
		};
/* End PBXNativeTarget section */

/* Begin PBXProject section */
		392F353C225F6851003E8CF2 /* Project object */ = {
			isa = PBXProject;
			attributes = {
				LastSwiftUpdateCheck = 1150;
				LastUpgradeCheck = 1200;
				ORGANIZATIONNAME = Wix;
				TargetAttributes = {
					397CA712247EB41B005E8A71 = {
						CreatedOnToolsVersion = 11.5;
					};
					39F5ACFF2461A28400FB7F18 = {
						CreatedOnToolsVersion = 11.4;
						LastSwiftMigration = 1150;
					};
				};
			};
			buildConfigurationList = 392F353F225F6851003E8CF2 /* Build configuration list for PBXProject "DetoxRecorder" */;
			compatibilityVersion = "Xcode 9.3";
			developmentRegion = en;
			hasScannedForEncodings = 0;
			knownRegions = (
				en,
				Base,
			);
			mainGroup = 392F353B225F6851003E8CF2;
			productRefGroup = 392F3545225F6851003E8CF2 /* Products */;
			projectDirPath = "";
			projectReferences = (
				{
					ProductGroup = 393CB0EF24C5BC1800BDBDA9 /* Products */;
					ProjectRef = 393CB0EE24C5BC1800BDBDA9 /* DTXSocketConnection.xcodeproj */;
				},
			);
			projectRoot = "";
			targets = (
				39F5ACFF2461A28400FB7F18 /* DetoxRecorder */,
				397CA712247EB41B005E8A71 /* DetoxRecorderCLI */,
			);
		};
/* End PBXProject section */

/* Begin PBXReferenceProxy section */
		393CB0F424C5BC1800BDBDA9 /* DTXSocketConnection.framework */ = {
			isa = PBXReferenceProxy;
			fileType = wrapper.framework;
			path = DTXSocketConnection.framework;
			remoteRef = 393CB0F324C5BC1800BDBDA9 /* PBXContainerItemProxy */;
			sourceTree = BUILT_PRODUCTS_DIR;
		};
		393CB0F624C5BC1800BDBDA9 /* DTXSocketConnection.framework */ = {
			isa = PBXReferenceProxy;
			fileType = wrapper.framework;
			path = DTXSocketConnection.framework;
			remoteRef = 393CB0F524C5BC1800BDBDA9 /* PBXContainerItemProxy */;
			sourceTree = BUILT_PRODUCTS_DIR;
		};
/* End PBXReferenceProxy section */

/* Begin PBXResourcesBuildPhase section */
		39F5ACFE2461A28400FB7F18 /* Resources */ = {
			isa = PBXResourcesBuildPhase;
			buildActionMask = 2147483647;
			files = (
			);
			runOnlyForDeploymentPostprocessing = 0;
		};
/* End PBXResourcesBuildPhase section */

/* Begin PBXShellScriptBuildPhase section */
		39995EEB2572B9A600CE4AED /* Versions */ = {
			isa = PBXShellScriptBuildPhase;
			buildActionMask = 2147483647;
			files = (
			);
			inputFileListPaths = (
			);
			inputPaths = (
			);
			name = Versions;
			outputFileListPaths = (
			);
			outputPaths = (
			);
			runOnlyForDeploymentPostprocessing = 0;
			shellPath = /bin/sh;
			shellScript = "shortVersion=$(/usr/libexec/PlistBuddy -c \"Print CFBundleShortVersionString\" \"${PROJECT_DIR}/${INFOPLIST_FILE}\")\n\nif [ \"${CONFIGURATION}\" = \"Release_External\" ]; then\nexit 0\nfi\n\n#Xcode calls this script twice for each SDK (iphoneos & iphonesimulatoros)\nif [ \"${SDK_NAME}\" = \"iphoneos11.2\" ]; then\nexit 0\nfi\n\nbuildNumber=$(/usr/libexec/PlistBuddy -c \"Print CFBundleVersion\" \"${PROJECT_DIR}/${INFOPLIST_FILE}\")\nbuildNumber=$(($buildNumber + 1))\n/usr/libexec/PlistBuddy -c \"Set :CFBundleVersion $buildNumber\" \"${PROJECT_DIR}/${INFOPLIST_FILE}\"\n\n/usr/libexec/PlistBuddy -c \"Delete :DTXBuildDate\" \"${PROJECT_DIR}/${INFOPLIST_FILE}\" || :\n/usr/libexec/PlistBuddy -c \"Add :DTXBuildDate date $(date)\" \"${PROJECT_DIR}/${INFOPLIST_FILE}\"\n\n/usr/libexec/PlistBuddy -c \"Set :CFBundleVersion $buildNumber\" \"${BUILT_PRODUCTS_DIR}/${INFOPLIST_PATH}\"\n/usr/libexec/PlistBuddy -c \"Delete :DTXBuildDate\" \"${BUILT_PRODUCTS_DIR}/${INFOPLIST_PATH}\" || :\n/usr/libexec/PlistBuddy -c \"Add :DTXBuildDate date $(date)\" \"${BUILT_PRODUCTS_DIR}/${INFOPLIST_PATH}\"\n";
		};
/* End PBXShellScriptBuildPhase section */

/* Begin PBXSourcesBuildPhase section */
		397CA70F247EB41B005E8A71 /* Sources */ = {
			isa = PBXSourcesBuildPhase;
			buildActionMask = 2147483647;
			files = (
				397CA767247EE076005E8A71 /* GBCommandLineParser.m in Sources */,
				397CA768247EE076005E8A71 /* GBOptionsHelper.m in Sources */,
				39B85D5124B27B4B00EF17BB /* DTXLogging.swift in Sources */,
				397CA766247EE076005E8A71 /* GBPrint.m in Sources */,
				397CA759247EE05D005E8A71 /* LNOptionsParser.m in Sources */,
				397CA765247EE076005E8A71 /* GBSettings.m in Sources */,
				39FB28E424C4B00500A0EF16 /* RecordingHandler.swift in Sources */,
				397CA754247EBBCD005E8A71 /* LNOptionsParser.swift in Sources */,
				397CA75A247EE05D005E8A71 /* LNLog.m in Sources */,
				397CA716247EB41B005E8A71 /* main.swift in Sources */,
			);
			runOnlyForDeploymentPostprocessing = 0;
		};
		39F5ACFC2461A28400FB7F18 /* Sources */ = {
			isa = PBXSourcesBuildPhase;
			buildActionMask = 2147483647;
			files = (
				39F5AD0F2461A2A000FB7F18 /* UIScrollView+ScrollToTopCapture.m in Sources */,
				39C013422472EB8E00784C84 /* _DTXLongPressAction.m in Sources */,
				39449C4F2462F81800B967FC /* _DTXPickerViewValueChangeAction.m in Sources */,
				39F5AD152461A2AF00FB7F18 /* _DTXTakeScreenshotAction.m in Sources */,
				39BA9FB224A112D500681E72 /* ShakeCapture.m in Sources */,
				39C013992473CD0900784C84 /* NSArray+Utils.m in Sources */,
				39C013942473CC8000784C84 /* UIView+RecorderUtils.m in Sources */,
				39AE548F2490FA3A0093BFEE /* _DTXAdjustSliderAction.m in Sources */,
				39C0138E2473CC8000784C84 /* UIDatePicker+RecorderUtils.m in Sources */,
				39C0137C2473CC8000784C84 /* NSUserDefaults+RecorderUtils.m in Sources */,
				39C0137B2473CC8000784C84 /* UIPickerView+RecorderUtils.m in Sources */,
				39BA9FB624A11A2400681E72 /* _DTXShakeDeviceAction.m in Sources */,
				39449C4B2462F68000B967FC /* _DTXSetDatePickerDateAction.m in Sources */,
				390FF62F24968B620022BF11 /* NSString+QuotedStringForJS.m in Sources */,
				39F5AD0E2461A29E00FB7F18 /* UIInputCapture.m in Sources */,
				39AE54932490FAE10093BFEE /* UISlider+RecorderUtils.m in Sources */,
				39C86B1D24C65ED9006F214F /* NSString+SimulatorSafeTildeExpansion.m in Sources */,
				39F5AD0B2461A29400FB7F18 /* DTXUIInteractionRecorder.m in Sources */,
				39F5AD122461A2AF00FB7F18 /* _DTXTapAction.m in Sources */,
				39F5AD112461A2AF00FB7F18 /* DTXRecordedAction.m in Sources */,
				393CB10324C5ECA000BDBDA9 /* DTXRecSettingsMultipleChoiceController.m in Sources */,
				39C0138F2473CC8000784C84 /* UIApplication+EnableAccessibility.m in Sources */,
				39F5AD0D2461A29A00FB7F18 /* UIGestureRecognizer+GestureCapture.m in Sources */,
				39F5AD2A2461F70A00FB7F18 /* _DTXScrollToAction.m in Sources */,
				395AD7FE24B4A02C002B382B /* UIWindow+RecorderUtils.m in Sources */,
				390FF63F249820190022BF11 /* NSObject+AttachedObjects.m in Sources */,
				39454C2524AA3CBF00761A51 /* _DTXCodeCommentAction.m in Sources */,
				39F5AD142461A2AF00FB7F18 /* _DTXReplaceTextAction.m in Sources */,
				39AE549E249247370093BFEE /* DTXRecSettingsViewController.m in Sources */,
				390FF63B2497CB3A0022BF11 /* UITableView+SelectionCapture.m in Sources */,
				39F5AD0A2461A29200FB7F18 /* DTXCaptureControlWindow.m in Sources */,
				39F5AD0C2461A29600FB7F18 /* UIControl+TapCapture.m in Sources */,
				39F5AD132461A2AF00FB7F18 /* _DTXScrollAction.m in Sources */,
				395AD7C824B385D4002B382B /* DTXLogging.m in Sources */,
				39F5AD102461A2AF00FB7F18 /* DTXRecordedElement.m in Sources */,
			);
			runOnlyForDeploymentPostprocessing = 0;
		};
/* End PBXSourcesBuildPhase section */

/* Begin PBXTargetDependency section */
		393CB0F824C5BC2800BDBDA9 /* PBXTargetDependency */ = {
			isa = PBXTargetDependency;
			name = DTXSocketConnectionStatic;
			targetProxy = 393CB0F724C5BC2800BDBDA9 /* PBXContainerItemProxy */;
		};
		393CB0FC24C5BC3E00BDBDA9 /* PBXTargetDependency */ = {
			isa = PBXTargetDependency;
			name = DTXSocketConnection;
			targetProxy = 393CB0FB24C5BC3E00BDBDA9 /* PBXContainerItemProxy */;
		};
/* End PBXTargetDependency section */

/* Begin XCBuildConfiguration section */
		392F354B225F6851003E8CF2 /* Debug */ = {
			isa = XCBuildConfiguration;
			buildSettings = {
				ALWAYS_SEARCH_USER_PATHS = NO;
				CLANG_ANALYZER_NONNULL = YES;
				CLANG_ANALYZER_NUMBER_OBJECT_CONVERSION = YES_AGGRESSIVE;
				CLANG_CXX_LANGUAGE_STANDARD = "gnu++14";
				CLANG_CXX_LIBRARY = "libc++";
				CLANG_ENABLE_MODULES = YES;
				CLANG_ENABLE_OBJC_ARC = YES;
				CLANG_ENABLE_OBJC_WEAK = YES;
				CLANG_WARN_BLOCK_CAPTURE_AUTORELEASING = YES;
				CLANG_WARN_BOOL_CONVERSION = YES;
				CLANG_WARN_COMMA = YES;
				CLANG_WARN_CONSTANT_CONVERSION = YES;
				CLANG_WARN_DEPRECATED_OBJC_IMPLEMENTATIONS = YES;
				CLANG_WARN_DIRECT_OBJC_ISA_USAGE = YES_ERROR;
				CLANG_WARN_DOCUMENTATION_COMMENTS = YES;
				CLANG_WARN_EMPTY_BODY = YES;
				CLANG_WARN_ENUM_CONVERSION = YES;
				CLANG_WARN_INFINITE_RECURSION = YES;
				CLANG_WARN_INT_CONVERSION = YES;
				CLANG_WARN_NON_LITERAL_NULL_CONVERSION = YES;
				CLANG_WARN_OBJC_IMPLICIT_RETAIN_SELF = YES;
				CLANG_WARN_OBJC_LITERAL_CONVERSION = YES;
				CLANG_WARN_OBJC_ROOT_CLASS = YES_ERROR;
				CLANG_WARN_QUOTED_INCLUDE_IN_FRAMEWORK_HEADER = YES;
				CLANG_WARN_RANGE_LOOP_ANALYSIS = YES;
				CLANG_WARN_STRICT_PROTOTYPES = YES;
				CLANG_WARN_SUSPICIOUS_MOVE = YES;
				CLANG_WARN_UNGUARDED_AVAILABILITY = YES_AGGRESSIVE;
				CLANG_WARN_UNREACHABLE_CODE = YES;
				CLANG_WARN__DUPLICATE_METHOD_MATCH = YES;
				CODE_SIGN_IDENTITY = "iPhone Developer";
				COPY_PHASE_STRIP = NO;
				DEBUG_INFORMATION_FORMAT = dwarf;
				ENABLE_STRICT_OBJC_MSGSEND = YES;
				ENABLE_TESTABILITY = YES;
				GCC_C_LANGUAGE_STANDARD = gnu11;
				GCC_DYNAMIC_NO_PIC = NO;
				GCC_NO_COMMON_BLOCKS = YES;
				GCC_OPTIMIZATION_LEVEL = 0;
				GCC_PREPROCESSOR_DEFINITIONS = (
					"DEBUG=1",
					"$(inherited)",
				);
				GCC_WARN_64_TO_32_BIT_CONVERSION = YES;
				GCC_WARN_ABOUT_RETURN_TYPE = YES_ERROR;
				GCC_WARN_UNDECLARED_SELECTOR = YES;
				GCC_WARN_UNINITIALIZED_AUTOS = YES_AGGRESSIVE;
				GCC_WARN_UNUSED_FUNCTION = YES;
				GCC_WARN_UNUSED_VARIABLE = YES;
				IPHONEOS_DEPLOYMENT_TARGET = 13.0;
				MTL_ENABLE_DEBUG_INFO = INCLUDE_SOURCE;
				MTL_FAST_MATH = YES;
				ONLY_ACTIVE_ARCH = YES;
				SDKROOT = iphoneos;
				SWIFT_VERSION = 5.0;
			};
			name = Debug;
		};
		392F354C225F6851003E8CF2 /* Release */ = {
			isa = XCBuildConfiguration;
			buildSettings = {
				ALWAYS_SEARCH_USER_PATHS = NO;
				CLANG_ANALYZER_NONNULL = YES;
				CLANG_ANALYZER_NUMBER_OBJECT_CONVERSION = YES_AGGRESSIVE;
				CLANG_CXX_LANGUAGE_STANDARD = "gnu++14";
				CLANG_CXX_LIBRARY = "libc++";
				CLANG_ENABLE_MODULES = YES;
				CLANG_ENABLE_OBJC_ARC = YES;
				CLANG_ENABLE_OBJC_WEAK = YES;
				CLANG_WARN_BLOCK_CAPTURE_AUTORELEASING = YES;
				CLANG_WARN_BOOL_CONVERSION = YES;
				CLANG_WARN_COMMA = YES;
				CLANG_WARN_CONSTANT_CONVERSION = YES;
				CLANG_WARN_DEPRECATED_OBJC_IMPLEMENTATIONS = YES;
				CLANG_WARN_DIRECT_OBJC_ISA_USAGE = YES_ERROR;
				CLANG_WARN_DOCUMENTATION_COMMENTS = YES;
				CLANG_WARN_EMPTY_BODY = YES;
				CLANG_WARN_ENUM_CONVERSION = YES;
				CLANG_WARN_INFINITE_RECURSION = YES;
				CLANG_WARN_INT_CONVERSION = YES;
				CLANG_WARN_NON_LITERAL_NULL_CONVERSION = YES;
				CLANG_WARN_OBJC_IMPLICIT_RETAIN_SELF = YES;
				CLANG_WARN_OBJC_LITERAL_CONVERSION = YES;
				CLANG_WARN_OBJC_ROOT_CLASS = YES_ERROR;
				CLANG_WARN_QUOTED_INCLUDE_IN_FRAMEWORK_HEADER = YES;
				CLANG_WARN_RANGE_LOOP_ANALYSIS = YES;
				CLANG_WARN_STRICT_PROTOTYPES = YES;
				CLANG_WARN_SUSPICIOUS_MOVE = YES;
				CLANG_WARN_UNGUARDED_AVAILABILITY = YES_AGGRESSIVE;
				CLANG_WARN_UNREACHABLE_CODE = YES;
				CLANG_WARN__DUPLICATE_METHOD_MATCH = YES;
				CODE_SIGN_IDENTITY = "iPhone Developer";
				COPY_PHASE_STRIP = NO;
				DEBUG_INFORMATION_FORMAT = "dwarf-with-dsym";
				ENABLE_STRICT_OBJC_MSGSEND = YES;
				GCC_C_LANGUAGE_STANDARD = gnu11;
				GCC_NO_COMMON_BLOCKS = YES;
				GCC_WARN_64_TO_32_BIT_CONVERSION = YES;
				GCC_WARN_ABOUT_RETURN_TYPE = YES_ERROR;
				GCC_WARN_UNDECLARED_SELECTOR = YES;
				GCC_WARN_UNINITIALIZED_AUTOS = YES_AGGRESSIVE;
				GCC_WARN_UNUSED_FUNCTION = YES;
				GCC_WARN_UNUSED_VARIABLE = YES;
				IPHONEOS_DEPLOYMENT_TARGET = 13.0;
				MTL_ENABLE_DEBUG_INFO = NO;
				MTL_FAST_MATH = YES;
				SDKROOT = iphoneos;
				SWIFT_COMPILATION_MODE = wholemodule;
				SWIFT_VERSION = 5.0;
				VALIDATE_PRODUCT = YES;
			};
			name = Release;
		};
		397CA718247EB41B005E8A71 /* Debug */ = {
			isa = XCBuildConfiguration;
			buildSettings = {
				CODE_SIGN_IDENTITY = "-";
				CODE_SIGN_STYLE = Automatic;
				MACOSX_DEPLOYMENT_TARGET = 10.15.4;
				PRODUCT_NAME = "$(TARGET_NAME)";
				SDKROOT = macosx;
				SWIFT_ACTIVE_COMPILATION_CONDITIONS = DEBUG;
				SWIFT_OBJC_BRIDGING_HEADER = "DetoxRecorderCLI/Swift-Bridging-Header.h";
				SWIFT_OPTIMIZATION_LEVEL = "-Onone";
				SWIFT_VERSION = 5.0;
			};
			name = Debug;
		};
		397CA719247EB41B005E8A71 /* Release */ = {
			isa = XCBuildConfiguration;
			buildSettings = {
				CODE_SIGN_IDENTITY = "-";
				CODE_SIGN_STYLE = Automatic;
				ENABLE_NS_ASSERTIONS = NO;
				MACOSX_DEPLOYMENT_TARGET = 10.15.4;
				PRODUCT_NAME = "$(TARGET_NAME)";
				SDKROOT = macosx;
				SWIFT_COMPILATION_MODE = wholemodule;
				SWIFT_OBJC_BRIDGING_HEADER = "DetoxRecorderCLI/Swift-Bridging-Header.h";
				SWIFT_OPTIMIZATION_LEVEL = "-O";
				SWIFT_VERSION = 5.0;
			};
			name = Release;
		};
		39F5AD062461A28400FB7F18 /* Debug */ = {
			isa = XCBuildConfiguration;
			buildSettings = {
				CLANG_ENABLE_MODULES = YES;
				CLANG_WARN_OBJC_IMPLICIT_RETAIN_SELF = NO;
				CURRENT_PROJECT_VERSION = 1;
				DEFINES_MODULE = YES;
				DTXSRCROOT = "$(SRCROOT)";
				DYLIB_COMPATIBILITY_VERSION = 1;
				DYLIB_CURRENT_VERSION = 1;
				DYLIB_INSTALL_NAME_BASE = "@rpath";
				GCC_PREFIX_HEADER = DetoxRecorder.pch;
				INFOPLIST_FILE = Info.plist;
				INSTALL_PATH = "$(LOCAL_LIBRARY_DIR)/Frameworks";
				IPHONEOS_DEPLOYMENT_TARGET = 13.0;
				LD_RUNPATH_SEARCH_PATHS = (
					"$(inherited)",
					"@executable_path/Frameworks",
					"@loader_path/Frameworks",
				);
				PRODUCT_BUNDLE_IDENTIFIER = com.wix.DetoxRecorder;
				PRODUCT_NAME = "$(TARGET_NAME:c99extidentifier)";
				SKIP_INSTALL = YES;
				TARGETED_DEVICE_FAMILY = "1,2";
				VERSIONING_SYSTEM = "apple-generic";
				VERSION_INFO_PREFIX = "";
			};
			name = Debug;
		};
		39F5AD072461A28400FB7F18 /* Release */ = {
			isa = XCBuildConfiguration;
			buildSettings = {
				CLANG_ENABLE_MODULES = YES;
				CLANG_WARN_OBJC_IMPLICIT_RETAIN_SELF = NO;
				CURRENT_PROJECT_VERSION = 1;
				DEFINES_MODULE = YES;
				DTXSRCROOT = "---";
				DYLIB_COMPATIBILITY_VERSION = 1;
				DYLIB_CURRENT_VERSION = 1;
				DYLIB_INSTALL_NAME_BASE = "@rpath";
				GCC_PREFIX_HEADER = DetoxRecorder.pch;
				INFOPLIST_FILE = Info.plist;
				INSTALL_PATH = "$(LOCAL_LIBRARY_DIR)/Frameworks";
				IPHONEOS_DEPLOYMENT_TARGET = 13.0;
				LD_RUNPATH_SEARCH_PATHS = (
					"$(inherited)",
					"@executable_path/Frameworks",
					"@loader_path/Frameworks",
				);
				PRODUCT_BUNDLE_IDENTIFIER = com.wix.DetoxRecorder;
				PRODUCT_NAME = "$(TARGET_NAME:c99extidentifier)";
				SKIP_INSTALL = YES;
				TARGETED_DEVICE_FAMILY = "1,2";
				VERSIONING_SYSTEM = "apple-generic";
				VERSION_INFO_PREFIX = "";
			};
			name = Release;
		};
/* End XCBuildConfiguration section */

/* Begin XCConfigurationList section */
		392F353F225F6851003E8CF2 /* Build configuration list for PBXProject "DetoxRecorder" */ = {
			isa = XCConfigurationList;
			buildConfigurations = (
				392F354B225F6851003E8CF2 /* Debug */,
				392F354C225F6851003E8CF2 /* Release */,
			);
			defaultConfigurationIsVisible = 0;
			defaultConfigurationName = Release;
		};
		397CA717247EB41B005E8A71 /* Build configuration list for PBXNativeTarget "DetoxRecorderCLI" */ = {
			isa = XCConfigurationList;
			buildConfigurations = (
				397CA718247EB41B005E8A71 /* Debug */,
				397CA719247EB41B005E8A71 /* Release */,
			);
			defaultConfigurationIsVisible = 0;
			defaultConfigurationName = Release;
		};
		39F5AD052461A28400FB7F18 /* Build configuration list for PBXNativeTarget "DetoxRecorder" */ = {
			isa = XCConfigurationList;
			buildConfigurations = (
				39F5AD062461A28400FB7F18 /* Debug */,
				39F5AD072461A28400FB7F18 /* Release */,
			);
			defaultConfigurationIsVisible = 0;
			defaultConfigurationName = Release;
		};
/* End XCConfigurationList section */
	};
	rootObject = 392F353C225F6851003E8CF2 /* Project object */;
}
